// !$*UTF8*$!
{
	archiveVersion = 1;
	classes = {
	};
	objectVersion = 46;
	objects = {
/* Begin PBXBuildFile section */
		0207DA581B56EA530066E2B4 /* Images.xcassets in Resources */ = {isa = PBXBuildFile; fileRef = 0207DA571B56EA530066E2B4 /* Images.xcassets */; };
		1D3623260D0F684500981E51 /* AppDelegate.m in Sources */ = {isa = PBXBuildFile; fileRef = 1D3623250D0F684500981E51 /* AppDelegate.m */; };
		1D60589B0D05DD56006BFB54 /* main.m in Sources */ = {isa = PBXBuildFile; fileRef = 29B97316FDCFA39411CA2CEA /* main.m */; };
		301BF552109A68D80062928A /* libCordova.a in Frameworks */ = {isa = PBXBuildFile; fileRef = 301BF535109A57CC0062928A /* libCordova.a */; };
		302D95F114D2391D003F00A1 /* MainViewController.m in Sources */ = {isa = PBXBuildFile; fileRef = 302D95EF14D2391D003F00A1 /* MainViewController.m */; };
		302D95F214D2391D003F00A1 /* MainViewController.xib in Resources */ = {isa = PBXBuildFile; fileRef = 302D95F014D2391D003F00A1 /* MainViewController.xib */; };
		3047A5121AB8059700498E2A /* build-debug.xcconfig in Resources */ = {isa = PBXBuildFile; fileRef = 3047A50F1AB8059700498E2A /* build-debug.xcconfig */; };
		3047A5131AB8059700498E2A /* build-release.xcconfig in Resources */ = {isa = PBXBuildFile; fileRef = 3047A5101AB8059700498E2A /* build-release.xcconfig */; };
		3047A5141AB8059700498E2A /* build.xcconfig in Resources */ = {isa = PBXBuildFile; fileRef = 3047A5111AB8059700498E2A /* build.xcconfig */; };
		233D1E11D3F641318E371ABE /* Sms.m in Sources */ = {isa = PBXBuildFile; fileRef = 5146ED419A674839A5253D47 /* Sms.m */; };
		6FE67529BC0C4E0DAE5EE6DE /* MessageUI.framework in Frameworks */ = {isa = PBXBuildFile; fileRef = E668210D8C104838AD51BB8B /* MessageUI.framework */; settings = {ATTRIBUTES = (Weak, ); }; };
		19A597B01F43414CAEF07997 /* EmailComposer.m in Sources */ = {isa = PBXBuildFile; fileRef = 56909B6631CA4FE8AF69D967 /* EmailComposer.m */; };
		E24E006ADD22406ABBA69B15 /* NSData+Base64.m in Sources */ = {isa = PBXBuildFile; fileRef = DC3FEEF1CAB54C4BA0254D21 /* NSData+Base64.m */; };
		D9E73CAE54604248ACF916F9 /* GoogleMobileAds.framework in Frameworks */ = {isa = PBXBuildFile; fileRef = 8522FFABBC764F8BB636792D /* GoogleMobileAds.framework */; };
		99C33A602BB24003BAF2B718 /* AdSupport.framework in Frameworks */ = {isa = PBXBuildFile; fileRef = 315A4F2B840C4F1C9EBCEB7A /* AdSupport.framework */; };
		DD7871F9E1C24362B34B14F5 /* AudioToolbox.framework in Frameworks */ = {isa = PBXBuildFile; fileRef = 37B61922DD744C0CB50CBF44 /* AudioToolbox.framework */; };
		B9142F98228543DABEC42223 /* AVFoundation.framework in Frameworks */ = {isa = PBXBuildFile; fileRef = F57F3F7F5C5D4D958EFABDE6 /* AVFoundation.framework */; };
		7679CD5F3D63484186778EF8 /* CoreBluetooth.framework in Frameworks */ = {isa = PBXBuildFile; fileRef = B4E410A5AD74430E846C0446 /* CoreBluetooth.framework */; };
		648D865654FE44528B283CCD /* CoreLocation.framework in Frameworks */ = {isa = PBXBuildFile; fileRef = B1C225183EFC439792BF8C97 /* CoreLocation.framework */; };
		838639A526B6453B921C830F /* CoreMedia.framework in Frameworks */ = {isa = PBXBuildFile; fileRef = 77C24EE167424BDBA19029FD /* CoreMedia.framework */; };
		4FA3A9F8256648FEAF71B579 /* CoreMotion.framework in Frameworks */ = {isa = PBXBuildFile; fileRef = 748D84D5E848411E89C92E01 /* CoreMotion.framework */; };
		704C5BB486884437AC8DE24C /* CoreTelephony.framework in Frameworks */ = {isa = PBXBuildFile; fileRef = 9C1392AAB16F46E99FA73947 /* CoreTelephony.framework */; };
		87B8BA18B0784FA3BC177F32 /* CoreVideo.framework in Frameworks */ = {isa = PBXBuildFile; fileRef = 0E52E9B5E4B84DC9864066B9 /* CoreVideo.framework */; };
		B0B34AEB9EC240789FB9433A /* EventKit.framework in Frameworks */ = {isa = PBXBuildFile; fileRef = 644DCEEB09D945278E4F4E61 /* EventKit.framework */; };
		2B231BCD26EA42F4909DCB58 /* EventKitUI.framework in Frameworks */ = {isa = PBXBuildFile; fileRef = F7EFE68824B84C0A8AD000A9 /* EventKitUI.framework */; };
		095543F7C5D14CE696C89EBD /* Foundation.framework in Frameworks */ = {isa = PBXBuildFile; fileRef = 3F09CD6F1AFF40EF98C47D04 /* Foundation.framework */; };
		75E759F9199E46A0B5AAE4E6 /* GLKit.framework in Frameworks */ = {isa = PBXBuildFile; fileRef = 69CEB9A16431458583FDE745 /* GLKit.framework */; };
		350B0BB6AE7C4B429C56F653 /* MediaPlayer.framework in Frameworks */ = {isa = PBXBuildFile; fileRef = 2F276A39D4204A908C1473C0 /* MediaPlayer.framework */; };
		8B230CF3BCB942448AC389B6 /* OpenGLES.framework in Frameworks */ = {isa = PBXBuildFile; fileRef = D237E766F63C407687B7DD66 /* OpenGLES.framework */; };
		F939D0BCCC094B7BA578A727 /* QuartzCore.framework in Frameworks */ = {isa = PBXBuildFile; fileRef = 59406FF332F843159FB7D83B /* QuartzCore.framework */; };
		DD3BA30C7A4445A6A60D1C02 /* SafariServices.framework in Frameworks */ = {isa = PBXBuildFile; fileRef = 6522CA9615D448C8829C0203 /* SafariServices.framework */; };
		62996453877C42A6A916AC46 /* StoreKit.framework in Frameworks */ = {isa = PBXBuildFile; fileRef = D8C54D853A8F480BBA22DBCB /* StoreKit.framework */; };
		53241C28CC424CEAA7AEE407 /* SystemConfiguration.framework in Frameworks */ = {isa = PBXBuildFile; fileRef = 05E7087DA993408CAB3E6EEB /* SystemConfiguration.framework */; };
		74271DDE0DB245308AC6DAB6 /* UIKit.framework in Frameworks */ = {isa = PBXBuildFile; fileRef = 44D64AE691F84349871EF64D /* UIKit.framework */; };
		7E10A64E03A648FC9EFC9BC2 /* CDVAdMob.m in Sources */ = {isa = PBXBuildFile; fileRef = 7F615C6059BA4599B8EBECE9 /* CDVAdMob.m */; };
		DC519CC6D64141D7BB8DC4F8 /* CDVDevice.m in Sources */ = {isa = PBXBuildFile; fileRef = A66A82E5E1D8482EB3F7056C /* CDVDevice.m */; };
		BBB45B0A9DD24C258D0E102F /* CDVInAppBrowser.m in Sources */ = {isa = PBXBuildFile; fileRef = 1194F29F143C4EA094F63E63 /* CDVInAppBrowser.m */; };
		F5D9227717F44BCA8C35C245 /* CDVSplashScreen.m in Sources */ = {isa = PBXBuildFile; fileRef = A833563CC58E4DB1B2D12032 /* CDVSplashScreen.m */; };
		1A962DD5CD8245E59247F6C4 /* CDVViewController+SplashScreen.m in Sources */ = {isa = PBXBuildFile; fileRef = A04BC194989748B997334905 /* CDVViewController+SplashScreen.m */; };
		D7E8A716215F49DD946DC225 /* NSString+URLEncoding.m in Sources */ = {isa = PBXBuildFile; fileRef = 8633935769C744B8805696DC /* NSString+URLEncoding.m */; };
		0B847CAF4BD64737BFA8315A /* SocialSharing.m in Sources */ = {isa = PBXBuildFile; fileRef = 09733D420A334A3CADE29EC4 /* SocialSharing.m */; };
		925983EA2F1F4AF5A875AA77 /* Social.framework in Frameworks */ = {isa = PBXBuildFile; fileRef = 2D11D6F0A6D9470CAC619C58 /* Social.framework */; settings = {ATTRIBUTES = (Weak, ); }; };
/* End PBXBuildFile section */

/* Begin PBXContainerItemProxy section */
		301BF534109A57CC0062928A /* PBXContainerItemProxy */ = {
			isa = PBXContainerItemProxy;
			containerPortal = 301BF52D109A57CC0062928A /* CordovaLib.xcodeproj */;
			proxyType = 2;
			remoteGlobalIDString = D2AAC07E0554694100DB518D;
			remoteInfo = CordovaLib;
		};
		301BF550109A68C00062928A /* PBXContainerItemProxy */ = {
			isa = PBXContainerItemProxy;
			containerPortal = 301BF52D109A57CC0062928A /* CordovaLib.xcodeproj */;
			proxyType = 1;
			remoteGlobalIDString = D2AAC07D0554694100DB518D;
			remoteInfo = CordovaLib;
		};
/* End PBXContainerItemProxy section */

/* Begin PBXFileReference section */
		0207DA571B56EA530066E2B4 /* Images.xcassets */ = {isa = PBXFileReference; lastKnownFileType = folder.assetcatalog; name = Images.xcassets; path = "InterviewGully/Images.xcassets"; sourceTree = SOURCE_ROOT; };
		1D3623240D0F684500981E51 /* AppDelegate.h */ = {isa = PBXFileReference; fileEncoding = 4; lastKnownFileType = sourcecode.c.h; path = AppDelegate.h; sourceTree = "<group>"; };
		1D3623250D0F684500981E51 /* AppDelegate.m */ = {isa = PBXFileReference; fileEncoding = 4; lastKnownFileType = sourcecode.c.objc; path = AppDelegate.m; sourceTree = "<group>"; };
		1D6058910D05DD3D006BFB54 /* InterviewGully.app */ = {isa = PBXFileReference; explicitFileType = wrapper.application; includeInIndex = 0; path = "InterviewGully.app"; sourceTree = BUILT_PRODUCTS_DIR; };
		29B97316FDCFA39411CA2CEA /* main.m */ = {isa = PBXFileReference; fileEncoding = 4; lastKnownFileType = sourcecode.c.objc; path = main.m; sourceTree = "<group>"; };
		301BF52D109A57CC0062928A /* CordovaLib.xcodeproj */ = {isa = PBXFileReference; lastKnownFileType = "wrapper.pb-project"; name = CordovaLib.xcodeproj; path = CordovaLib/CordovaLib.xcodeproj; sourceTree = "<group>"; };
		301BF56E109A69640062928A /* www */ = {isa = PBXFileReference; lastKnownFileType = folder; path = www; sourceTree = SOURCE_ROOT; };
		302D95EE14D2391D003F00A1 /* MainViewController.h */ = {isa = PBXFileReference; fileEncoding = 4; lastKnownFileType = sourcecode.c.h; path = MainViewController.h; sourceTree = "<group>"; };
		302D95EF14D2391D003F00A1 /* MainViewController.m */ = {isa = PBXFileReference; fileEncoding = 4; lastKnownFileType = sourcecode.c.objc; path = MainViewController.m; sourceTree = "<group>"; };
		302D95F014D2391D003F00A1 /* MainViewController.xib */ = {isa = PBXFileReference; fileEncoding = 4; lastKnownFileType = file.xib; path = MainViewController.xib; sourceTree = "<group>"; };
		3047A50F1AB8059700498E2A /* build-debug.xcconfig */ = {isa = PBXFileReference; fileEncoding = 4; lastKnownFileType = text.xcconfig; name = "build-debug.xcconfig"; path = cordova/build-debug.xcconfig; sourceTree = SOURCE_ROOT; };
		3047A5101AB8059700498E2A /* build-release.xcconfig */ = {isa = PBXFileReference; fileEncoding = 4; lastKnownFileType = text.xcconfig; name = "build-release.xcconfig"; path = cordova/build-release.xcconfig; sourceTree = SOURCE_ROOT; };
		3047A5111AB8059700498E2A /* build.xcconfig */ = {isa = PBXFileReference; fileEncoding = 4; lastKnownFileType = text.xcconfig; name = build.xcconfig; path = cordova/build.xcconfig; sourceTree = SOURCE_ROOT; };
		32CA4F630368D1EE00C91783 /* InterviewGully-Prefix.pch */ = {isa = PBXFileReference; fileEncoding = 4; lastKnownFileType = sourcecode.c.h; path = "InterviewGully-Prefix.pch"; sourceTree = "<group>"; };
		8D1107310486CEB800E47090 /* InterviewGully-Info.plist */ = {isa = PBXFileReference; fileEncoding = 4; lastKnownFileType = text.plist.xml; name = "InterviewGully-Info.plist"; path = "InterviewGully/InterviewGully-Info.plist"; plistStructureDefinitionIdentifier = "com.apple.xcode.plist.structure-definition.iphone.info-plist"; sourceTree = SOURCE_ROOT; };
		EB87FDF31871DA8E0020F90C /* www */ = {isa = PBXFileReference; lastKnownFileType = folder; name = www; path = ../../www; sourceTree = "<group>"; };
		EB87FDF41871DAF40020F90C /* config.xml */ = {isa = PBXFileReference; lastKnownFileType = text.xml; name = config.xml; path = ../../config.xml; sourceTree = "<group>"; };
		F840E1F0165FE0F500CFE078 /* config.xml */ = {isa = PBXFileReference; lastKnownFileType = text.xml; name = config.xml; path = "InterviewGully/config.xml"; sourceTree = "<group>"; };
		ED33DF2A687741AEAF9F8254 /* Bridging-Header.h */ = {isa = PBXFileReference; fileEncoding = 4; lastKnownFileType = sourcecode.c.h; name = "Bridging-Header.h"; path = "Bridging-Header.h"; sourceTree = "<group>"; };
		5146ED419A674839A5253D47 /* Sms.m */ = {isa = PBXFileReference; name = "Sms.m"; path = "com.cordova.plugins.sms/Sms.m"; sourceTree = "<group>"; fileEncoding = 4; lastKnownFileType = sourcecode.c.objc; explicitFileType = undefined; includeInIndex = 0; };
		55B02F63B7E74209BB3065E1 /* Sms.h */ = {isa = PBXFileReference; name = "Sms.h"; path = "com.cordova.plugins.sms/Sms.h"; sourceTree = "<group>"; fileEncoding = 4; lastKnownFileType = sourcecode.c.h; explicitFileType = undefined; includeInIndex = 0; };
		E668210D8C104838AD51BB8B /* MessageUI.framework */ = {isa = PBXFileReference; name = "MessageUI.framework"; path = "System/Library/Frameworks/MessageUI.framework"; sourceTree = SDKROOT; fileEncoding = undefined; lastKnownFileType = wrapper.framework; explicitFileType = undefined; includeInIndex = 0; };
		56909B6631CA4FE8AF69D967 /* EmailComposer.m */ = {isa = PBXFileReference; name = "EmailComposer.m"; path = "com.jcjee.plugins.emailcomposer/EmailComposer.m"; sourceTree = "<group>"; fileEncoding = 4; lastKnownFileType = sourcecode.c.objc; explicitFileType = undefined; includeInIndex = 0; };
		DC3FEEF1CAB54C4BA0254D21 /* NSData+Base64.m */ = {isa = PBXFileReference; name = "NSData+Base64.m"; path = "com.jcjee.plugins.emailcomposer/NSData+Base64.m"; sourceTree = "<group>"; fileEncoding = 4; lastKnownFileType = sourcecode.c.objc; explicitFileType = undefined; includeInIndex = 0; };
		90EBCB78016742C9AC0D96AD /* EmailComposer.h */ = {isa = PBXFileReference; name = "EmailComposer.h"; path = "com.jcjee.plugins.emailcomposer/EmailComposer.h"; sourceTree = "<group>"; fileEncoding = 4; lastKnownFileType = sourcecode.c.h; explicitFileType = undefined; includeInIndex = 0; };
		D20E909CF8DC4A51BA15F46B /* NSData+Base64.h */ = {isa = PBXFileReference; name = "NSData+Base64.h"; path = "com.jcjee.plugins.emailcomposer/NSData+Base64.h"; sourceTree = "<group>"; fileEncoding = 4; lastKnownFileType = sourcecode.c.h; explicitFileType = undefined; includeInIndex = 0; };
		8522FFABBC764F8BB636792D /* GoogleMobileAds.framework */ = {isa = PBXFileReference; name = "GoogleMobileAds.framework"; path = "InterviewGully/Plugins/cordova-admobsdk/GoogleMobileAds.framework"; sourceTree = "<group>"; fileEncoding = undefined; lastKnownFileType = wrapper.framework; explicitFileType = undefined; includeInIndex = 0; };
		315A4F2B840C4F1C9EBCEB7A /* AdSupport.framework */ = {isa = PBXFileReference; name = "AdSupport.framework"; path = "System/Library/Frameworks/AdSupport.framework"; sourceTree = SDKROOT; fileEncoding = undefined; lastKnownFileType = wrapper.framework; explicitFileType = undefined; includeInIndex = 0; };
		37B61922DD744C0CB50CBF44 /* AudioToolbox.framework */ = {isa = PBXFileReference; name = "AudioToolbox.framework"; path = "System/Library/Frameworks/AudioToolbox.framework"; sourceTree = SDKROOT; fileEncoding = undefined; lastKnownFileType = wrapper.framework; explicitFileType = undefined; includeInIndex = 0; };
		F57F3F7F5C5D4D958EFABDE6 /* AVFoundation.framework */ = {isa = PBXFileReference; name = "AVFoundation.framework"; path = "System/Library/Frameworks/AVFoundation.framework"; sourceTree = SDKROOT; fileEncoding = undefined; lastKnownFileType = wrapper.framework; explicitFileType = undefined; includeInIndex = 0; };
		B4E410A5AD74430E846C0446 /* CoreBluetooth.framework */ = {isa = PBXFileReference; name = "CoreBluetooth.framework"; path = "System/Library/Frameworks/CoreBluetooth.framework"; sourceTree = SDKROOT; fileEncoding = undefined; lastKnownFileType = wrapper.framework; explicitFileType = undefined; includeInIndex = 0; };
		B1C225183EFC439792BF8C97 /* CoreLocation.framework */ = {isa = PBXFileReference; name = "CoreLocation.framework"; path = "System/Library/Frameworks/CoreLocation.framework"; sourceTree = SDKROOT; fileEncoding = undefined; lastKnownFileType = wrapper.framework; explicitFileType = undefined; includeInIndex = 0; };
		77C24EE167424BDBA19029FD /* CoreMedia.framework */ = {isa = PBXFileReference; name = "CoreMedia.framework"; path = "System/Library/Frameworks/CoreMedia.framework"; sourceTree = SDKROOT; fileEncoding = undefined; lastKnownFileType = wrapper.framework; explicitFileType = undefined; includeInIndex = 0; };
		748D84D5E848411E89C92E01 /* CoreMotion.framework */ = {isa = PBXFileReference; name = "CoreMotion.framework"; path = "System/Library/Frameworks/CoreMotion.framework"; sourceTree = SDKROOT; fileEncoding = undefined; lastKnownFileType = wrapper.framework; explicitFileType = undefined; includeInIndex = 0; };
		9C1392AAB16F46E99FA73947 /* CoreTelephony.framework */ = {isa = PBXFileReference; name = "CoreTelephony.framework"; path = "System/Library/Frameworks/CoreTelephony.framework"; sourceTree = SDKROOT; fileEncoding = undefined; lastKnownFileType = wrapper.framework; explicitFileType = undefined; includeInIndex = 0; };
		0E52E9B5E4B84DC9864066B9 /* CoreVideo.framework */ = {isa = PBXFileReference; name = "CoreVideo.framework"; path = "System/Library/Frameworks/CoreVideo.framework"; sourceTree = SDKROOT; fileEncoding = undefined; lastKnownFileType = wrapper.framework; explicitFileType = undefined; includeInIndex = 0; };
		644DCEEB09D945278E4F4E61 /* EventKit.framework */ = {isa = PBXFileReference; name = "EventKit.framework"; path = "System/Library/Frameworks/EventKit.framework"; sourceTree = SDKROOT; fileEncoding = undefined; lastKnownFileType = wrapper.framework; explicitFileType = undefined; includeInIndex = 0; };
		F7EFE68824B84C0A8AD000A9 /* EventKitUI.framework */ = {isa = PBXFileReference; name = "EventKitUI.framework"; path = "System/Library/Frameworks/EventKitUI.framework"; sourceTree = SDKROOT; fileEncoding = undefined; lastKnownFileType = wrapper.framework; explicitFileType = undefined; includeInIndex = 0; };
		3F09CD6F1AFF40EF98C47D04 /* Foundation.framework */ = {isa = PBXFileReference; name = "Foundation.framework"; path = "System/Library/Frameworks/Foundation.framework"; sourceTree = SDKROOT; fileEncoding = undefined; lastKnownFileType = wrapper.framework; explicitFileType = undefined; includeInIndex = 0; };
		69CEB9A16431458583FDE745 /* GLKit.framework */ = {isa = PBXFileReference; name = "GLKit.framework"; path = "System/Library/Frameworks/GLKit.framework"; sourceTree = SDKROOT; fileEncoding = undefined; lastKnownFileType = wrapper.framework; explicitFileType = undefined; includeInIndex = 0; };
		2F276A39D4204A908C1473C0 /* MediaPlayer.framework */ = {isa = PBXFileReference; name = "MediaPlayer.framework"; path = "System/Library/Frameworks/MediaPlayer.framework"; sourceTree = SDKROOT; fileEncoding = undefined; lastKnownFileType = wrapper.framework; explicitFileType = undefined; includeInIndex = 0; };
		D237E766F63C407687B7DD66 /* OpenGLES.framework */ = {isa = PBXFileReference; name = "OpenGLES.framework"; path = "System/Library/Frameworks/OpenGLES.framework"; sourceTree = SDKROOT; fileEncoding = undefined; lastKnownFileType = wrapper.framework; explicitFileType = undefined; includeInIndex = 0; };
		59406FF332F843159FB7D83B /* QuartzCore.framework */ = {isa = PBXFileReference; name = "QuartzCore.framework"; path = "System/Library/Frameworks/QuartzCore.framework"; sourceTree = SDKROOT; fileEncoding = undefined; lastKnownFileType = wrapper.framework; explicitFileType = undefined; includeInIndex = 0; };
		6522CA9615D448C8829C0203 /* SafariServices.framework */ = {isa = PBXFileReference; name = "SafariServices.framework"; path = "System/Library/Frameworks/SafariServices.framework"; sourceTree = SDKROOT; fileEncoding = undefined; lastKnownFileType = wrapper.framework; explicitFileType = undefined; includeInIndex = 0; };
		D8C54D853A8F480BBA22DBCB /* StoreKit.framework */ = {isa = PBXFileReference; name = "StoreKit.framework"; path = "System/Library/Frameworks/StoreKit.framework"; sourceTree = SDKROOT; fileEncoding = undefined; lastKnownFileType = wrapper.framework; explicitFileType = undefined; includeInIndex = 0; };
		05E7087DA993408CAB3E6EEB /* SystemConfiguration.framework */ = {isa = PBXFileReference; name = "SystemConfiguration.framework"; path = "System/Library/Frameworks/SystemConfiguration.framework"; sourceTree = SDKROOT; fileEncoding = undefined; lastKnownFileType = wrapper.framework; explicitFileType = undefined; includeInIndex = 0; };
		44D64AE691F84349871EF64D /* UIKit.framework */ = {isa = PBXFileReference; name = "UIKit.framework"; path = "System/Library/Frameworks/UIKit.framework"; sourceTree = SDKROOT; fileEncoding = undefined; lastKnownFileType = wrapper.framework; explicitFileType = undefined; includeInIndex = 0; };
		7F615C6059BA4599B8EBECE9 /* CDVAdMob.m */ = {isa = PBXFileReference; name = "CDVAdMob.m"; path = "cordova-plugin-admob/CDVAdMob.m"; sourceTree = "<group>"; fileEncoding = 4; lastKnownFileType = sourcecode.c.objc; explicitFileType = undefined; includeInIndex = 0; };
		1FB1BC6FD27A4D5FBFFEB979 /* CDVAdMob.h */ = {isa = PBXFileReference; name = "CDVAdMob.h"; path = "cordova-plugin-admob/CDVAdMob.h"; sourceTree = "<group>"; fileEncoding = 4; lastKnownFileType = sourcecode.c.h; explicitFileType = undefined; includeInIndex = 0; };
		A66A82E5E1D8482EB3F7056C /* CDVDevice.m */ = {isa = PBXFileReference; name = "CDVDevice.m"; path = "cordova-plugin-device/CDVDevice.m"; sourceTree = "<group>"; fileEncoding = 4; lastKnownFileType = sourcecode.c.objc; explicitFileType = undefined; includeInIndex = 0; };
		C36F96DDD98C45389C32D624 /* CDVDevice.h */ = {isa = PBXFileReference; name = "CDVDevice.h"; path = "cordova-plugin-device/CDVDevice.h"; sourceTree = "<group>"; fileEncoding = 4; lastKnownFileType = sourcecode.c.h; explicitFileType = undefined; includeInIndex = 0; };
		1194F29F143C4EA094F63E63 /* CDVInAppBrowser.m */ = {isa = PBXFileReference; name = "CDVInAppBrowser.m"; path = "cordova-plugin-inappbrowser/CDVInAppBrowser.m"; sourceTree = "<group>"; fileEncoding = 4; lastKnownFileType = sourcecode.c.objc; explicitFileType = undefined; includeInIndex = 0; };
		277138EED9C84131B7BDA4B9 /* CDVInAppBrowser.h */ = {isa = PBXFileReference; name = "CDVInAppBrowser.h"; path = "cordova-plugin-inappbrowser/CDVInAppBrowser.h"; sourceTree = "<group>"; fileEncoding = 4; lastKnownFileType = sourcecode.c.h; explicitFileType = undefined; includeInIndex = 0; };
		A833563CC58E4DB1B2D12032 /* CDVSplashScreen.m */ = {isa = PBXFileReference; name = "CDVSplashScreen.m"; path = "cordova-plugin-splashscreen/CDVSplashScreen.m"; sourceTree = "<group>"; fileEncoding = 4; lastKnownFileType = sourcecode.c.objc; explicitFileType = undefined; includeInIndex = 0; };
		A04BC194989748B997334905 /* CDVViewController+SplashScreen.m */ = {isa = PBXFileReference; name = "CDVViewController+SplashScreen.m"; path = "cordova-plugin-splashscreen/CDVViewController+SplashScreen.m"; sourceTree = "<group>"; fileEncoding = 4; lastKnownFileType = sourcecode.c.objc; explicitFileType = undefined; includeInIndex = 0; };
		62617469F0F1438EA9436164 /* CDVSplashScreen.h */ = {isa = PBXFileReference; name = "CDVSplashScreen.h"; path = "cordova-plugin-splashscreen/CDVSplashScreen.h"; sourceTree = "<group>"; fileEncoding = 4; lastKnownFileType = sourcecode.c.h; explicitFileType = undefined; includeInIndex = 0; };
		5FE482CCB93F45C7BC622460 /* CDVViewController+SplashScreen.h */ = {isa = PBXFileReference; name = "CDVViewController+SplashScreen.h"; path = "cordova-plugin-splashscreen/CDVViewController+SplashScreen.h"; sourceTree = "<group>"; fileEncoding = 4; lastKnownFileType = sourcecode.c.h; explicitFileType = undefined; includeInIndex = 0; };
		8633935769C744B8805696DC /* NSString+URLEncoding.m */ = {isa = PBXFileReference; name = "NSString+URLEncoding.m"; path = "cordova-plugin-x-socialsharing/NSString+URLEncoding.m"; sourceTree = "<group>"; fileEncoding = 4; lastKnownFileType = sourcecode.c.objc; explicitFileType = undefined; includeInIndex = 0; };
		09733D420A334A3CADE29EC4 /* SocialSharing.m */ = {isa = PBXFileReference; name = "SocialSharing.m"; path = "cordova-plugin-x-socialsharing/SocialSharing.m"; sourceTree = "<group>"; fileEncoding = 4; lastKnownFileType = sourcecode.c.objc; explicitFileType = undefined; includeInIndex = 0; };
		2987A50278C948C7B5928792 /* NSString+URLEncoding.h */ = {isa = PBXFileReference; name = "NSString+URLEncoding.h"; path = "cordova-plugin-x-socialsharing/NSString+URLEncoding.h"; sourceTree = "<group>"; fileEncoding = 4; lastKnownFileType = sourcecode.c.h; explicitFileType = undefined; includeInIndex = 0; };
		3EBA9FAEFA75439D958A64E2 /* SocialSharing.h */ = {isa = PBXFileReference; name = "SocialSharing.h"; path = "cordova-plugin-x-socialsharing/SocialSharing.h"; sourceTree = "<group>"; fileEncoding = 4; lastKnownFileType = sourcecode.c.h; explicitFileType = undefined; includeInIndex = 0; };
		2D11D6F0A6D9470CAC619C58 /* Social.framework */ = {isa = PBXFileReference; name = "Social.framework"; path = "System/Library/Frameworks/Social.framework"; sourceTree = SDKROOT; fileEncoding = undefined; lastKnownFileType = wrapper.framework; explicitFileType = undefined; includeInIndex = 0; };
/* End PBXFileReference section */

/* Begin PBXFrameworksBuildPhase section */
		1D60588F0D05DD3D006BFB54 /* Frameworks */ = {
			isa = PBXFrameworksBuildPhase;
			buildActionMask = 2147483647;
			files = (
				301BF552109A68D80062928A /* libCordova.a in Frameworks */,
				6FE67529BC0C4E0DAE5EE6DE /* MessageUI.framework in Frameworks */,
				D9E73CAE54604248ACF916F9 /* GoogleMobileAds.framework in Frameworks */,
				99C33A602BB24003BAF2B718 /* AdSupport.framework in Frameworks */,
				DD7871F9E1C24362B34B14F5 /* AudioToolbox.framework in Frameworks */,
				B9142F98228543DABEC42223 /* AVFoundation.framework in Frameworks */,
				7679CD5F3D63484186778EF8 /* CoreBluetooth.framework in Frameworks */,
				648D865654FE44528B283CCD /* CoreLocation.framework in Frameworks */,
				838639A526B6453B921C830F /* CoreMedia.framework in Frameworks */,
				4FA3A9F8256648FEAF71B579 /* CoreMotion.framework in Frameworks */,
				704C5BB486884437AC8DE24C /* CoreTelephony.framework in Frameworks */,
				87B8BA18B0784FA3BC177F32 /* CoreVideo.framework in Frameworks */,
				B0B34AEB9EC240789FB9433A /* EventKit.framework in Frameworks */,
				2B231BCD26EA42F4909DCB58 /* EventKitUI.framework in Frameworks */,
				095543F7C5D14CE696C89EBD /* Foundation.framework in Frameworks */,
				75E759F9199E46A0B5AAE4E6 /* GLKit.framework in Frameworks */,
				350B0BB6AE7C4B429C56F653 /* MediaPlayer.framework in Frameworks */,
				8B230CF3BCB942448AC389B6 /* OpenGLES.framework in Frameworks */,
				F939D0BCCC094B7BA578A727 /* QuartzCore.framework in Frameworks */,
				DD3BA30C7A4445A6A60D1C02 /* SafariServices.framework in Frameworks */,
				62996453877C42A6A916AC46 /* StoreKit.framework in Frameworks */,
				53241C28CC424CEAA7AEE407 /* SystemConfiguration.framework in Frameworks */,
				74271DDE0DB245308AC6DAB6 /* UIKit.framework in Frameworks */,
				925983EA2F1F4AF5A875AA77 /* Social.framework in Frameworks */,
			);
			runOnlyForDeploymentPostprocessing = 0;
		};
/* End PBXFrameworksBuildPhase section */

/* Begin PBXGroup section */
		080E96DDFE201D6D7F000001 /* Classes */ = {
			isa = PBXGroup;
			children = (
				302D95EE14D2391D003F00A1 /* MainViewController.h */,
				302D95EF14D2391D003F00A1 /* MainViewController.m */,
				302D95F014D2391D003F00A1 /* MainViewController.xib */,
				1D3623240D0F684500981E51 /* AppDelegate.h */,
				1D3623250D0F684500981E51 /* AppDelegate.m */,
			);
			name = Classes;
			path = "InterviewGully/Classes";
			sourceTree = SOURCE_ROOT;
		};
		19C28FACFE9D520D11CA2CBB /* Products */ = {
			isa = PBXGroup;
			children = (
				1D6058910D05DD3D006BFB54 /* InterviewGully.app */,
			);
			name = Products;
			sourceTree = "<group>";
		};
		29B97314FDCFA39411CA2CEA /* CustomTemplate */ = {
			isa = PBXGroup;
			children = (
				EB87FDF41871DAF40020F90C /* config.xml */,
				EB87FDF31871DA8E0020F90C /* www */,
				EB87FDF11871DA420020F90C /* Staging */,
				301BF52D109A57CC0062928A /* CordovaLib.xcodeproj */,
				080E96DDFE201D6D7F000001 /* Classes */,
				307C750510C5A3420062BCA9 /* Plugins */,
				29B97315FDCFA39411CA2CEA /* Other Sources */,
				29B97317FDCFA39411CA2CEA /* Resources */,
				29B97323FDCFA39411CA2CEA /* Frameworks */,
				19C28FACFE9D520D11CA2CBB /* Products */,
			);
			name = CustomTemplate;
			sourceTree = "<group>";
		};
		29B97315FDCFA39411CA2CEA /* Other Sources */ = {
			isa = PBXGroup;
			children = (
				32CA4F630368D1EE00C91783 /* InterviewGully-Prefix.pch */,
				29B97316FDCFA39411CA2CEA /* main.m */,
				ED33DF2A687741AEAF9F8254 /* Bridging-Header.h */,
			);
			name = "Other Sources";
			path = "InterviewGully";
			sourceTree = "<group>";
		};
		29B97317FDCFA39411CA2CEA /* Resources */ = {
			isa = PBXGroup;
			children = (
				0207DA571B56EA530066E2B4 /* Images.xcassets */,
				3047A50E1AB8057F00498E2A /* config */,
				8D1107310486CEB800E47090 /* InterviewGully-Info.plist */,
			);
			name = Resources;
			path = "InterviewGully/Resources";
			sourceTree = "<group>";
		};
		29B97323FDCFA39411CA2CEA /* Frameworks */ = {
			isa = PBXGroup;
			children = (
				E668210D8C104838AD51BB8B /* MessageUI.framework */,
				8522FFABBC764F8BB636792D /* GoogleMobileAds.framework */,
				315A4F2B840C4F1C9EBCEB7A /* AdSupport.framework */,
				37B61922DD744C0CB50CBF44 /* AudioToolbox.framework */,
				F57F3F7F5C5D4D958EFABDE6 /* AVFoundation.framework */,
				B4E410A5AD74430E846C0446 /* CoreBluetooth.framework */,
				B1C225183EFC439792BF8C97 /* CoreLocation.framework */,
				77C24EE167424BDBA19029FD /* CoreMedia.framework */,
				748D84D5E848411E89C92E01 /* CoreMotion.framework */,
				9C1392AAB16F46E99FA73947 /* CoreTelephony.framework */,
				0E52E9B5E4B84DC9864066B9 /* CoreVideo.framework */,
				644DCEEB09D945278E4F4E61 /* EventKit.framework */,
				F7EFE68824B84C0A8AD000A9 /* EventKitUI.framework */,
				3F09CD6F1AFF40EF98C47D04 /* Foundation.framework */,
				69CEB9A16431458583FDE745 /* GLKit.framework */,
				2F276A39D4204A908C1473C0 /* MediaPlayer.framework */,
				D237E766F63C407687B7DD66 /* OpenGLES.framework */,
				59406FF332F843159FB7D83B /* QuartzCore.framework */,
				6522CA9615D448C8829C0203 /* SafariServices.framework */,
				D8C54D853A8F480BBA22DBCB /* StoreKit.framework */,
				05E7087DA993408CAB3E6EEB /* SystemConfiguration.framework */,
				44D64AE691F84349871EF64D /* UIKit.framework */,
				2D11D6F0A6D9470CAC619C58 /* Social.framework */,
			);
			name = Frameworks;
			sourceTree = "<group>";
		};
		301BF52E109A57CC0062928A /* Products */ = {
			isa = PBXGroup;
			children = (
				301BF535109A57CC0062928A /* libCordova.a */,
			);
			name = Products;
			sourceTree = "<group>";
		};
		3047A50E1AB8057F00498E2A /* config */ = {
			isa = PBXGroup;
			children = (
				3047A50F1AB8059700498E2A /* build-debug.xcconfig */,
				3047A5101AB8059700498E2A /* build-release.xcconfig */,
				3047A5111AB8059700498E2A /* build.xcconfig */,
			);
			name = config;
			sourceTree = "<group>";
		};
		307C750510C5A3420062BCA9 /* Plugins */ = {
			isa = PBXGroup;
			children = (
				5146ED419A674839A5253D47 /* Sms.m */,
				55B02F63B7E74209BB3065E1 /* Sms.h */,
				56909B6631CA4FE8AF69D967 /* EmailComposer.m */,
				DC3FEEF1CAB54C4BA0254D21 /* NSData+Base64.m */,
				90EBCB78016742C9AC0D96AD /* EmailComposer.h */,
				D20E909CF8DC4A51BA15F46B /* NSData+Base64.h */,
				7F615C6059BA4599B8EBECE9 /* CDVAdMob.m */,
				1FB1BC6FD27A4D5FBFFEB979 /* CDVAdMob.h */,
				A66A82E5E1D8482EB3F7056C /* CDVDevice.m */,
				C36F96DDD98C45389C32D624 /* CDVDevice.h */,
				1194F29F143C4EA094F63E63 /* CDVInAppBrowser.m */,
				277138EED9C84131B7BDA4B9 /* CDVInAppBrowser.h */,
				A833563CC58E4DB1B2D12032 /* CDVSplashScreen.m */,
				A04BC194989748B997334905 /* CDVViewController+SplashScreen.m */,
				62617469F0F1438EA9436164 /* CDVSplashScreen.h */,
				5FE482CCB93F45C7BC622460 /* CDVViewController+SplashScreen.h */,
				8633935769C744B8805696DC /* NSString+URLEncoding.m */,
				09733D420A334A3CADE29EC4 /* SocialSharing.m */,
				2987A50278C948C7B5928792 /* NSString+URLEncoding.h */,
				3EBA9FAEFA75439D958A64E2 /* SocialSharing.h */,
			);
			name = Plugins;
			path = "InterviewGully/Plugins";
			sourceTree = SOURCE_ROOT;
		};
		EB87FDF11871DA420020F90C /* Staging */ = {
			isa = PBXGroup;
			children = (
				F840E1F0165FE0F500CFE078 /* config.xml */,
				301BF56E109A69640062928A /* www */,
			);
			name = Staging;
			sourceTree = "<group>";
		};
/* End PBXGroup section */

/* Begin PBXNativeTarget section */
		1D6058900D05DD3D006BFB54 /* InterviewGully */ = {
			isa = PBXNativeTarget;
			buildConfigurationList = 1D6058960D05DD3E006BFB54 /* Build configuration list for PBXNativeTarget "InterviewGully" */;
			buildPhases = (
				304B58A110DAC018002A0835 /* Copy www directory */,
				1D60588D0D05DD3D006BFB54 /* Resources */,
				1D60588E0D05DD3D006BFB54 /* Sources */,
				1D60588F0D05DD3D006BFB54 /* Frameworks */,
			);
			buildRules = (
			);
			dependencies = (
				301BF551109A68C00062928A /* PBXTargetDependency */,
			);
			name = "InterviewGully";
			productName = "InterviewGully";
			productReference = 1D6058910D05DD3D006BFB54 /* InterviewGully.app */;
			productType = "com.apple.product-type.application";
		};
/* End PBXNativeTarget section */

/* Begin PBXProject section */
		29B97313FDCFA39411CA2CEA /* Project object */ = {
			isa = PBXProject;
			attributes = {
				LastUpgradeCheck = 510;
			};
			buildConfigurationList = C01FCF4E08A954540054247B /* Build configuration list for PBXProject "__NON-CLI__" */;
			compatibilityVersion = "Xcode 3.2";
			developmentRegion = English;
			hasScannedForEncodings = 1;
			mainGroup = 29B97314FDCFA39411CA2CEA /* CustomTemplate */;
			projectDirPath = "";
			projectReferences = (
				{
					ProductGroup = 301BF52E109A57CC0062928A /* Products */;
					ProjectRef = 301BF52D109A57CC0062928A /* CordovaLib.xcodeproj */;
				},
			);
			projectRoot = "";
			targets = (
				1D6058900D05DD3D006BFB54 /* InterviewGully */,
			);
		};
/* End PBXProject section */

/* Begin PBXReferenceProxy section */
		301BF535109A57CC0062928A /* libCordova.a */ = {
			isa = PBXReferenceProxy;
			fileType = archive.ar;
			path = libCordova.a;
			remoteRef = 301BF534109A57CC0062928A /* PBXContainerItemProxy */;
			sourceTree = BUILT_PRODUCTS_DIR;
		};
/* End PBXReferenceProxy section */

/* Begin PBXResourcesBuildPhase section */
		1D60588D0D05DD3D006BFB54 /* Resources */ = {
			isa = PBXResourcesBuildPhase;
			buildActionMask = 2147483647;
			files = (
				302D95F214D2391D003F00A1 /* MainViewController.xib in Resources */,
				0207DA581B56EA530066E2B4 /* Images.xcassets in Resources */,
			);
			runOnlyForDeploymentPostprocessing = 0;
		};
/* End PBXResourcesBuildPhase section */

/* Begin PBXShellScriptBuildPhase section */
		304B58A110DAC018002A0835 /* Copy www directory */ = {
			isa = PBXShellScriptBuildPhase;
			buildActionMask = 2147483647;
			files = (
			);
			inputPaths = (
			);
			name = "Copy www directory";
			outputPaths = (
			);
			runOnlyForDeploymentPostprocessing = 0;
			shellPath = /bin/sh;
			shellScript = "NODEJS_PATH=/usr/local/bin; NVM_NODE_PATH=~/.nvm/versions/node/`nvm version 2>/dev/null`/bin; N_NODE_PATH=`find /usr/local/n/versions/node/* -maxdepth 0 -type d 2>/dev/null | tail -1`/bin; XCODE_NODE_PATH=`xcode-select --print-path`/usr/share/xcs/Node/bin; PATH=$NODEJS_PATH:$NVM_NODE_PATH:$N_NODE_PATH:$XCODE_NODE_PATH:$PATH && node cordova/lib/copy-www-build-step.js";
			showEnvVarsInLog = 0;
		};
/* End PBXShellScriptBuildPhase section */

/* Begin PBXSourcesBuildPhase section */
		1D60588E0D05DD3D006BFB54 /* Sources */ = {
			isa = PBXSourcesBuildPhase;
			buildActionMask = 2147483647;
			files = (
				1D60589B0D05DD56006BFB54 /* main.m in Sources */,
				1D3623260D0F684500981E51 /* AppDelegate.m in Sources */,
				302D95F114D2391D003F00A1 /* MainViewController.m in Sources */,
				233D1E11D3F641318E371ABE /* Sms.m in Sources */,
				19A597B01F43414CAEF07997 /* EmailComposer.m in Sources */,
				E24E006ADD22406ABBA69B15 /* NSData+Base64.m in Sources */,
				7E10A64E03A648FC9EFC9BC2 /* CDVAdMob.m in Sources */,
				DC519CC6D64141D7BB8DC4F8 /* CDVDevice.m in Sources */,
				BBB45B0A9DD24C258D0E102F /* CDVInAppBrowser.m in Sources */,
				F5D9227717F44BCA8C35C245 /* CDVSplashScreen.m in Sources */,
				1A962DD5CD8245E59247F6C4 /* CDVViewController+SplashScreen.m in Sources */,
				D7E8A716215F49DD946DC225 /* NSString+URLEncoding.m in Sources */,
				0B847CAF4BD64737BFA8315A /* SocialSharing.m in Sources */,
			);
			runOnlyForDeploymentPostprocessing = 0;
		};
/* End PBXSourcesBuildPhase section */

/* Begin PBXTargetDependency section */
		301BF551109A68C00062928A /* PBXTargetDependency */ = {
			isa = PBXTargetDependency;
			name = CordovaLib;
			targetProxy = 301BF550109A68C00062928A /* PBXContainerItemProxy */;
		};
/* End PBXTargetDependency section */

/* Begin XCBuildConfiguration section */
		1D6058940D05DD3E006BFB54 /* Debug */ = {
			isa = XCBuildConfiguration;
			baseConfigurationReference = 3047A50F1AB8059700498E2A /* build-debug.xcconfig */;
			buildSettings = {
				ALWAYS_SEARCH_USER_PATHS = NO;
				ASSETCATALOG_COMPILER_APPICON_NAME = AppIcon;
				ASSETCATALOG_COMPILER_LAUNCHIMAGE_NAME = LaunchImage;
				CLANG_ENABLE_MODULES = YES;
				CLANG_ENABLE_OBJC_ARC = YES;
				COPY_PHASE_STRIP = NO;
				GCC_DYNAMIC_NO_PIC = NO;
				GCC_OPTIMIZATION_LEVEL = 0;
				GCC_PRECOMPILE_PREFIX_HEADER = YES;
				GCC_PREFIX_HEADER = "InterviewGully/InterviewGully-Prefix.pch";
				GCC_THUMB_SUPPORT = NO;
				GCC_VERSION = "";
				INFOPLIST_FILE = "InterviewGully/InterviewGully-Info.plist";
				LD_RUNPATH_SEARCH_PATHS = "@executable_path/Frameworks";
				PRODUCT_NAME = "InterviewGully";
				FRAMEWORK_SEARCH_PATHS = (
					"$(inherited)",
					"\"InterviewGully/Plugins/cordova-admobsdk\"",
				);
			};
			name = Debug;
		};
		1D6058950D05DD3E006BFB54 /* Release */ = {
			isa = XCBuildConfiguration;
			baseConfigurationReference = 3047A5101AB8059700498E2A /* build-release.xcconfig */;
			buildSettings = {
				ALWAYS_SEARCH_USER_PATHS = NO;
				ASSETCATALOG_COMPILER_APPICON_NAME = AppIcon;
				ASSETCATALOG_COMPILER_LAUNCHIMAGE_NAME = LaunchImage;
				CLANG_ENABLE_MODULES = YES;
				CLANG_ENABLE_OBJC_ARC = YES;
				COPY_PHASE_STRIP = YES;
				GCC_PRECOMPILE_PREFIX_HEADER = YES;
				GCC_PREFIX_HEADER = "InterviewGully/InterviewGully-Prefix.pch";
				GCC_THUMB_SUPPORT = NO;
				GCC_VERSION = "";
				INFOPLIST_FILE = "InterviewGully/InterviewGully-Info.plist";
				PRODUCT_NAME = "InterviewGully";
				FRAMEWORK_SEARCH_PATHS = (
					"$(inherited)",
					"\"InterviewGully/Plugins/cordova-admobsdk\"",
				);
			};
			name = Release;
		};
		C01FCF4F08A954540054247B /* Debug */ = {
			isa = XCBuildConfiguration;
			baseConfigurationReference = 3047A5111AB8059700498E2A /* build.xcconfig */;
			buildSettings = {
				CLANG_ENABLE_MODULES = YES;
				CLANG_ENABLE_OBJC_ARC = YES;
				CLANG_WARN_BOOL_CONVERSION = YES;
				CLANG_WARN_CONSTANT_CONVERSION = YES;
				CLANG_WARN_EMPTY_BODY = YES;
				CLANG_WARN_ENUM_CONVERSION = YES;
				CLANG_WARN_INT_CONVERSION = YES;
				CLANG_WARN__DUPLICATE_METHOD_MATCH = YES;
				GCC_C_LANGUAGE_STANDARD = c99;
				GCC_THUMB_SUPPORT = NO;
				GCC_VERSION = "";
				GCC_WARN_ABOUT_RETURN_TYPE = YES;
				GCC_WARN_UNDECLARED_SELECTOR = YES;
				GCC_WARN_UNINITIALIZED_AUTOS = YES;
				GCC_WARN_UNUSED_FUNCTION = YES;
				GCC_WARN_UNUSED_VARIABLE = YES;
				ONLY_ACTIVE_ARCH = YES;
				SDKROOT = iphoneos;
				SKIP_INSTALL = NO;
			};
			name = Debug;
		};
		C01FCF5008A954540054247B /* Release */ = {
			isa = XCBuildConfiguration;
			baseConfigurationReference = 3047A5111AB8059700498E2A /* build.xcconfig */;
			buildSettings = {
				CLANG_ENABLE_MODULES = YES;
				CLANG_ENABLE_OBJC_ARC = YES;
				CLANG_WARN_BOOL_CONVERSION = YES;
				CLANG_WARN_CONSTANT_CONVERSION = YES;
				CLANG_WARN_EMPTY_BODY = YES;
				CLANG_WARN_ENUM_CONVERSION = YES;
				CLANG_WARN_INT_CONVERSION = YES;
				CLANG_WARN__DUPLICATE_METHOD_MATCH = YES;
				GCC_C_LANGUAGE_STANDARD = c99;
				GCC_THUMB_SUPPORT = NO;
				GCC_VERSION = "";
				GCC_WARN_ABOUT_RETURN_TYPE = YES;
				GCC_WARN_UNDECLARED_SELECTOR = YES;
				GCC_WARN_UNINITIALIZED_AUTOS = YES;
				GCC_WARN_UNUSED_FUNCTION = YES;
				GCC_WARN_UNUSED_VARIABLE = YES;
				SDKROOT = iphoneos;
				SKIP_INSTALL = NO;
			};
			name = Release;
		};
/* End XCBuildConfiguration section */

/* Begin XCConfigurationList section */
		1D6058960D05DD3E006BFB54 /* Build configuration list for PBXNativeTarget "InterviewGully" */ = {
			isa = XCConfigurationList;
			buildConfigurations = (
				1D6058940D05DD3E006BFB54 /* Debug */,
				1D6058950D05DD3E006BFB54 /* Release */,
			);
			defaultConfigurationIsVisible = 0;
			defaultConfigurationName = Release;
		};
		C01FCF4E08A954540054247B /* Build configuration list for PBXProject "__NON-CLI__" */ = {
			isa = XCConfigurationList;
			buildConfigurations = (
				C01FCF4F08A954540054247B /* Debug */,
				C01FCF5008A954540054247B /* Release */,
			);
			defaultConfigurationIsVisible = 0;
			defaultConfigurationName = Release;
		};
/* End XCConfigurationList section */
	};
	rootObject = 29B97313FDCFA39411CA2CEA /* Project object */;
}
