// !$*UTF8*$!
{
	archiveVersion = 1;
	classes = {
	};
	objectVersion = 46;
	objects = {
/* Begin PBXBuildFile section */
		0207DA581B56EA530066E2B4 /* Images.xcassets in Resources */ = {isa = PBXBuildFile; fileRef = 0207DA571B56EA530066E2B4 /* Images.xcassets */; };
		1D3623260D0F684500981E51 /* AppDelegate.m in Sources */ = {isa = PBXBuildFile; fileRef = 1D3623250D0F684500981E51 /* AppDelegate.m */; };
		1D60589B0D05DD56006BFB54 /* main.m in Sources */ = {isa = PBXBuildFile; fileRef = 29B97316FDCFA39411CA2CEA /* main.m */; };
		301BF552109A68D80062928A /* libCordova.a in Frameworks */ = {isa = PBXBuildFile; fileRef = 301BF535109A57CC0062928A /* libCordova.a */; };
		302D95F114D2391D003F00A1 /* MainViewController.m in Sources */ = {isa = PBXBuildFile; fileRef = 302D95EF14D2391D003F00A1 /* MainViewController.m */; };
		302D95F214D2391D003F00A1 /* MainViewController.xib in Resources */ = {isa = PBXBuildFile; fileRef = 302D95F014D2391D003F00A1 /* MainViewController.xib */; };
		3047A5121AB8059700498E2A /* build-debug.xcconfig in Resources */ = {isa = PBXBuildFile; fileRef = 3047A50F1AB8059700498E2A /* build-debug.xcconfig */; };
		3047A5131AB8059700498E2A /* build-release.xcconfig in Resources */ = {isa = PBXBuildFile; fileRef = 3047A5101AB8059700498E2A /* build-release.xcconfig */; };
		3047A5141AB8059700498E2A /* build.xcconfig in Resources */ = {isa = PBXBuildFile; fileRef = 3047A5111AB8059700498E2A /* build.xcconfig */; };
		6AFF5BF91D6E424B00AB3073 /* CDVLaunchScreen.storyboard in Resources */ = {isa = PBXBuildFile; fileRef = 6AFF5BF81D6E424B00AB3073 /* CDVLaunchScreen.storyboard */; };
		3140687D240B474EAE440221 /* Sms.m in Sources */ = {isa = PBXBuildFile; fileRef = CBE2BDAFD5234F929D26AA07 /* Sms.m */; };
		296AA12BF1DC468D811BC761 /* MessageUI.framework in Frameworks */ = {isa = PBXBuildFile; fileRef = 9CC171F16A9A446CB083F2FE /* MessageUI.framework */; settings = {ATTRIBUTES = (Weak, ); }; };
		F2F16D4C4C4B4AB1A5116A49 /* GoogleMobileAds.framework in Frameworks */ = {isa = PBXBuildFile; fileRef = D36179ED5E0F471A96766C17 /* GoogleMobileAds.framework */; };
		E2BECA3D4C024141B46B0FBB /* AdSupport.framework in Frameworks */ = {isa = PBXBuildFile; fileRef = FF5150BF1280479DA3DD2D6D /* AdSupport.framework */; };
		25135DF809B54E0B8C93E3E1 /* AudioToolbox.framework in Frameworks */ = {isa = PBXBuildFile; fileRef = 7D829F5C23D04D819CC2BEA4 /* AudioToolbox.framework */; };
		42DDB25929DB441A9F66D554 /* AVFoundation.framework in Frameworks */ = {isa = PBXBuildFile; fileRef = CACE38D2C71F4533AD3FC94E /* AVFoundation.framework */; };
		8C430654171C4BF09D8F6056 /* CoreBluetooth.framework in Frameworks */ = {isa = PBXBuildFile; fileRef = 9AE34B0439314818BBBDD12D /* CoreBluetooth.framework */; };
		F96647F9057847ED817C1D4B /* CoreLocation.framework in Frameworks */ = {isa = PBXBuildFile; fileRef = 48E95574FEEF46538C3D5BF8 /* CoreLocation.framework */; };
		11D96FC43BF14F019A00AE6D /* CoreMedia.framework in Frameworks */ = {isa = PBXBuildFile; fileRef = DACE502295C1403DBC1E118C /* CoreMedia.framework */; };
		877620569E1B4E0EAEEBCFA7 /* CoreMotion.framework in Frameworks */ = {isa = PBXBuildFile; fileRef = 07197CAD3B62447A91FBC6DC /* CoreMotion.framework */; };
		A85CF9A45A40462EB889576D /* CoreTelephony.framework in Frameworks */ = {isa = PBXBuildFile; fileRef = 8C7CB4F1FF2E4095A7849CE6 /* CoreTelephony.framework */; };
		FA7A59122B204EC29EDCB0AB /* CoreVideo.framework in Frameworks */ = {isa = PBXBuildFile; fileRef = 260A05955F5840F49137EBDB /* CoreVideo.framework */; };
		DADC1A7B08C94E9DAC665312 /* EventKit.framework in Frameworks */ = {isa = PBXBuildFile; fileRef = FCF3987860F24C3480173EF0 /* EventKit.framework */; };
		A245D53A376D4098B845E81E /* EventKitUI.framework in Frameworks */ = {isa = PBXBuildFile; fileRef = 2BC61E329FF242E5B9A72140 /* EventKitUI.framework */; };
		2E21740D50D0404384422CB1 /* Foundation.framework in Frameworks */ = {isa = PBXBuildFile; fileRef = 1D9621A963AB476FB97D5833 /* Foundation.framework */; };
		7A3278BEA8D8424DBF79F753 /* GLKit.framework in Frameworks */ = {isa = PBXBuildFile; fileRef = 4EBEB9A5E5654000BB179752 /* GLKit.framework */; };
		85E91EE13A244B68A976C39D /* MediaPlayer.framework in Frameworks */ = {isa = PBXBuildFile; fileRef = E614E0C327B6407290805160 /* MediaPlayer.framework */; };
		257AF928B9CF44908AF4E3EC /* OpenGLES.framework in Frameworks */ = {isa = PBXBuildFile; fileRef = 266C0702229446ADA07AABC8 /* OpenGLES.framework */; };
		BCB2E53E33D14232A04CFD6F /* QuartzCore.framework in Frameworks */ = {isa = PBXBuildFile; fileRef = 5E50B5A1FE54422A9F06D70A /* QuartzCore.framework */; };
		781EA133D3464499ADC69AC4 /* SafariServices.framework in Frameworks */ = {isa = PBXBuildFile; fileRef = 09ECB466507B4B278E0D702A /* SafariServices.framework */; };
		F6CF08A70B574A6283D59061 /* StoreKit.framework in Frameworks */ = {isa = PBXBuildFile; fileRef = 88504BA7B5DB4C15B8E559A7 /* StoreKit.framework */; };
		46DBDF2259E44660B739BBF5 /* SystemConfiguration.framework in Frameworks */ = {isa = PBXBuildFile; fileRef = 0358725354DD4D359307DD43 /* SystemConfiguration.framework */; };
		89F26CC58752424FBD301768 /* UIKit.framework in Frameworks */ = {isa = PBXBuildFile; fileRef = CA5C94C8BA304D4DB5BF032A /* UIKit.framework */; };
		495A1E80ECF94065AC454ADC /* CDVAdMob.m in Sources */ = {isa = PBXBuildFile; fileRef = C2B46D794C824DA4889F77E3 /* CDVAdMob.m */; };
		59FFD09F54AB437A9A619EA6 /* CDVDevice.m in Sources */ = {isa = PBXBuildFile; fileRef = AA99C18D1B934C588F6385BD /* CDVDevice.m */; };
		0A3930B5EC7E41F4996BBB0E /* CDVInAppBrowser.m in Sources */ = {isa = PBXBuildFile; fileRef = 7AB0CDCBC207485A98A0A2A2 /* CDVInAppBrowser.m */; };
		49ACCF90DB274A8B89E7C28C /* CDVConnection.m in Sources */ = {isa = PBXBuildFile; fileRef = 889ED7EE24A84FC9AA88FEBA /* CDVConnection.m */; };
		44CEEBDB65BC4B90B600D314 /* CDVReachability.m in Sources */ = {isa = PBXBuildFile; fileRef = B8BC8B92A8A04E97BC89CE4D /* CDVReachability.m */; };
		F22C28C7F7C042E086A026BD /* CDVSplashScreen.m in Sources */ = {isa = PBXBuildFile; fileRef = 24D27B3B130D47548C34DDB2 /* CDVSplashScreen.m */; };
		7D148CD4CD314119AB98B472 /* CDVViewController+SplashScreen.m in Sources */ = {isa = PBXBuildFile; fileRef = 0328C6C6F92A4FB182597306 /* CDVViewController+SplashScreen.m */; };
		F47B0613E435444AB882C096 /* NSString+URLEncoding.m in Sources */ = {isa = PBXBuildFile; fileRef = DFBA687A9D4D46EE9AC1E348 /* NSString+URLEncoding.m */; };
		1389453678EE4B45851EE1AE /* SocialSharing.m in Sources */ = {isa = PBXBuildFile; fileRef = 1750029EDE5B444794071B3E /* SocialSharing.m */; };
		3DF7DBD512654FA79DF468CB /* Social.framework in Frameworks */ = {isa = PBXBuildFile; fileRef = 3CBF7EF63A4F40FEAE5E6BCF /* Social.framework */; settings = {ATTRIBUTES = (Weak, ); }; };
/* End PBXBuildFile section */

/* Begin PBXContainerItemProxy section */
		301BF534109A57CC0062928A /* PBXContainerItemProxy */ = {
			isa = PBXContainerItemProxy;
			containerPortal = 301BF52D109A57CC0062928A /* CordovaLib.xcodeproj */;
			proxyType = 2;
			remoteGlobalIDString = D2AAC07E0554694100DB518D;
			remoteInfo = CordovaLib;
		};
		301BF550109A68C00062928A /* PBXContainerItemProxy */ = {
			isa = PBXContainerItemProxy;
			containerPortal = 301BF52D109A57CC0062928A /* CordovaLib.xcodeproj */;
			proxyType = 1;
			remoteGlobalIDString = D2AAC07D0554694100DB518D;
			remoteInfo = CordovaLib;
		};
/* End PBXContainerItemProxy section */

/* Begin PBXFileReference section */
		0207DA571B56EA530066E2B4 /* Images.xcassets */ = {isa = PBXFileReference; lastKnownFileType = folder.assetcatalog; name = Images.xcassets; path = "InterviewGully/Images.xcassets"; sourceTree = SOURCE_ROOT; };
		1D3623240D0F684500981E51 /* AppDelegate.h */ = {isa = PBXFileReference; fileEncoding = 4; lastKnownFileType = sourcecode.c.h; path = AppDelegate.h; sourceTree = "<group>"; };
		1D3623250D0F684500981E51 /* AppDelegate.m */ = {isa = PBXFileReference; fileEncoding = 4; lastKnownFileType = sourcecode.c.objc; path = AppDelegate.m; sourceTree = "<group>"; };
		1D6058910D05DD3D006BFB54 /* InterviewGully.app */ = {isa = PBXFileReference; explicitFileType = wrapper.application; includeInIndex = 0; path = "InterviewGully.app"; sourceTree = BUILT_PRODUCTS_DIR; };
		29B97316FDCFA39411CA2CEA /* main.m */ = {isa = PBXFileReference; fileEncoding = 4; lastKnownFileType = sourcecode.c.objc; path = main.m; sourceTree = "<group>"; };
		301BF52D109A57CC0062928A /* CordovaLib.xcodeproj */ = {isa = PBXFileReference; lastKnownFileType = "wrapper.pb-project"; name = CordovaLib.xcodeproj; path = CordovaLib/CordovaLib.xcodeproj; sourceTree = "<group>"; };
		301BF56E109A69640062928A /* www */ = {isa = PBXFileReference; lastKnownFileType = folder; path = www; sourceTree = SOURCE_ROOT; };
		302D95EE14D2391D003F00A1 /* MainViewController.h */ = {isa = PBXFileReference; fileEncoding = 4; lastKnownFileType = sourcecode.c.h; path = MainViewController.h; sourceTree = "<group>"; };
		302D95EF14D2391D003F00A1 /* MainViewController.m */ = {isa = PBXFileReference; fileEncoding = 4; lastKnownFileType = sourcecode.c.objc; path = MainViewController.m; sourceTree = "<group>"; };
		302D95F014D2391D003F00A1 /* MainViewController.xib */ = {isa = PBXFileReference; fileEncoding = 4; lastKnownFileType = file.xib; path = MainViewController.xib; sourceTree = "<group>"; };
		3047A50F1AB8059700498E2A /* build-debug.xcconfig */ = {isa = PBXFileReference; fileEncoding = 4; lastKnownFileType = text.xcconfig; name = "build-debug.xcconfig"; path = cordova/build-debug.xcconfig; sourceTree = SOURCE_ROOT; };
		3047A5101AB8059700498E2A /* build-release.xcconfig */ = {isa = PBXFileReference; fileEncoding = 4; lastKnownFileType = text.xcconfig; name = "build-release.xcconfig"; path = cordova/build-release.xcconfig; sourceTree = SOURCE_ROOT; };
		3047A5111AB8059700498E2A /* build.xcconfig */ = {isa = PBXFileReference; fileEncoding = 4; lastKnownFileType = text.xcconfig; name = build.xcconfig; path = cordova/build.xcconfig; sourceTree = SOURCE_ROOT; };
		32CA4F630368D1EE00C91783 /* InterviewGully-Prefix.pch */ = {isa = PBXFileReference; fileEncoding = 4; lastKnownFileType = sourcecode.c.h; path = "InterviewGully-Prefix.pch"; sourceTree = "<group>"; };
		6AFF5BF81D6E424B00AB3073 /* CDVLaunchScreen.storyboard */ = {isa = PBXFileReference; fileEncoding = 4; lastKnownFileType = file.storyboard; name = CDVLaunchScreen.storyboard; path = "InterviewGully/CDVLaunchScreen.storyboard"; sourceTree = SOURCE_ROOT; };
		8D1107310486CEB800E47090 /* InterviewGully-Info.plist */ = {isa = PBXFileReference; fileEncoding = 4; lastKnownFileType = text.plist.xml; name = "InterviewGully-Info.plist"; path = "InterviewGully/InterviewGully-Info.plist"; plistStructureDefinitionIdentifier = "com.apple.xcode.plist.structure-definition.iphone.info-plist"; sourceTree = SOURCE_ROOT; };
		EB87FDF31871DA8E0020F90C /* www */ = {isa = PBXFileReference; lastKnownFileType = folder; name = www; path = ../../www; sourceTree = "<group>"; };
		EB87FDF41871DAF40020F90C /* config.xml */ = {isa = PBXFileReference; lastKnownFileType = text.xml; name = config.xml; path = ../../config.xml; sourceTree = "<group>"; };
		F840E1F0165FE0F500CFE078 /* config.xml */ = {isa = PBXFileReference; lastKnownFileType = text.xml; name = config.xml; path = "InterviewGully/config.xml"; sourceTree = "<group>"; };
		ED33DF2A687741AEAF9F8254 /* Bridging-Header.h */ = {isa = PBXFileReference; fileEncoding = 4; lastKnownFileType = sourcecode.c.h; name = "Bridging-Header.h"; path = "Bridging-Header.h"; sourceTree = "<group>"; };
		CBE2BDAFD5234F929D26AA07 /* Sms.m */ = {isa = PBXFileReference; name = "Sms.m"; path = "com.cordova.plugins.sms/Sms.m"; sourceTree = "<group>"; fileEncoding = 4; lastKnownFileType = sourcecode.c.objc; explicitFileType = undefined; includeInIndex = 0; };
		51B4C1B1BD6A4BED820CEC61 /* Sms.h */ = {isa = PBXFileReference; name = "Sms.h"; path = "com.cordova.plugins.sms/Sms.h"; sourceTree = "<group>"; fileEncoding = 4; lastKnownFileType = sourcecode.c.h; explicitFileType = undefined; includeInIndex = 0; };
		9CC171F16A9A446CB083F2FE /* MessageUI.framework */ = {isa = PBXFileReference; name = "MessageUI.framework"; path = "System/Library/Frameworks/MessageUI.framework"; sourceTree = SDKROOT; fileEncoding = undefined; lastKnownFileType = wrapper.framework; explicitFileType = undefined; includeInIndex = 0; };
		D36179ED5E0F471A96766C17 /* GoogleMobileAds.framework */ = {isa = PBXFileReference; name = "GoogleMobileAds.framework"; path = "InterviewGully/Plugins/cordova-admobsdk/GoogleMobileAds.framework"; sourceTree = "<group>"; fileEncoding = undefined; lastKnownFileType = wrapper.framework; explicitFileType = undefined; includeInIndex = 0; };
		FF5150BF1280479DA3DD2D6D /* AdSupport.framework */ = {isa = PBXFileReference; name = "AdSupport.framework"; path = "System/Library/Frameworks/AdSupport.framework"; sourceTree = SDKROOT; fileEncoding = undefined; lastKnownFileType = wrapper.framework; explicitFileType = undefined; includeInIndex = 0; };
		7D829F5C23D04D819CC2BEA4 /* AudioToolbox.framework */ = {isa = PBXFileReference; name = "AudioToolbox.framework"; path = "System/Library/Frameworks/AudioToolbox.framework"; sourceTree = SDKROOT; fileEncoding = undefined; lastKnownFileType = wrapper.framework; explicitFileType = undefined; includeInIndex = 0; };
		CACE38D2C71F4533AD3FC94E /* AVFoundation.framework */ = {isa = PBXFileReference; name = "AVFoundation.framework"; path = "System/Library/Frameworks/AVFoundation.framework"; sourceTree = SDKROOT; fileEncoding = undefined; lastKnownFileType = wrapper.framework; explicitFileType = undefined; includeInIndex = 0; };
		9AE34B0439314818BBBDD12D /* CoreBluetooth.framework */ = {isa = PBXFileReference; name = "CoreBluetooth.framework"; path = "System/Library/Frameworks/CoreBluetooth.framework"; sourceTree = SDKROOT; fileEncoding = undefined; lastKnownFileType = wrapper.framework; explicitFileType = undefined; includeInIndex = 0; };
		48E95574FEEF46538C3D5BF8 /* CoreLocation.framework */ = {isa = PBXFileReference; name = "CoreLocation.framework"; path = "System/Library/Frameworks/CoreLocation.framework"; sourceTree = SDKROOT; fileEncoding = undefined; lastKnownFileType = wrapper.framework; explicitFileType = undefined; includeInIndex = 0; };
		DACE502295C1403DBC1E118C /* CoreMedia.framework */ = {isa = PBXFileReference; name = "CoreMedia.framework"; path = "System/Library/Frameworks/CoreMedia.framework"; sourceTree = SDKROOT; fileEncoding = undefined; lastKnownFileType = wrapper.framework; explicitFileType = undefined; includeInIndex = 0; };
		07197CAD3B62447A91FBC6DC /* CoreMotion.framework */ = {isa = PBXFileReference; name = "CoreMotion.framework"; path = "System/Library/Frameworks/CoreMotion.framework"; sourceTree = SDKROOT; fileEncoding = undefined; lastKnownFileType = wrapper.framework; explicitFileType = undefined; includeInIndex = 0; };
		8C7CB4F1FF2E4095A7849CE6 /* CoreTelephony.framework */ = {isa = PBXFileReference; name = "CoreTelephony.framework"; path = "System/Library/Frameworks/CoreTelephony.framework"; sourceTree = SDKROOT; fileEncoding = undefined; lastKnownFileType = wrapper.framework; explicitFileType = undefined; includeInIndex = 0; };
		260A05955F5840F49137EBDB /* CoreVideo.framework */ = {isa = PBXFileReference; name = "CoreVideo.framework"; path = "System/Library/Frameworks/CoreVideo.framework"; sourceTree = SDKROOT; fileEncoding = undefined; lastKnownFileType = wrapper.framework; explicitFileType = undefined; includeInIndex = 0; };
		FCF3987860F24C3480173EF0 /* EventKit.framework */ = {isa = PBXFileReference; name = "EventKit.framework"; path = "System/Library/Frameworks/EventKit.framework"; sourceTree = SDKROOT; fileEncoding = undefined; lastKnownFileType = wrapper.framework; explicitFileType = undefined; includeInIndex = 0; };
		2BC61E329FF242E5B9A72140 /* EventKitUI.framework */ = {isa = PBXFileReference; name = "EventKitUI.framework"; path = "System/Library/Frameworks/EventKitUI.framework"; sourceTree = SDKROOT; fileEncoding = undefined; lastKnownFileType = wrapper.framework; explicitFileType = undefined; includeInIndex = 0; };
		1D9621A963AB476FB97D5833 /* Foundation.framework */ = {isa = PBXFileReference; name = "Foundation.framework"; path = "System/Library/Frameworks/Foundation.framework"; sourceTree = SDKROOT; fileEncoding = undefined; lastKnownFileType = wrapper.framework; explicitFileType = undefined; includeInIndex = 0; };
		4EBEB9A5E5654000BB179752 /* GLKit.framework */ = {isa = PBXFileReference; name = "GLKit.framework"; path = "System/Library/Frameworks/GLKit.framework"; sourceTree = SDKROOT; fileEncoding = undefined; lastKnownFileType = wrapper.framework; explicitFileType = undefined; includeInIndex = 0; };
		E614E0C327B6407290805160 /* MediaPlayer.framework */ = {isa = PBXFileReference; name = "MediaPlayer.framework"; path = "System/Library/Frameworks/MediaPlayer.framework"; sourceTree = SDKROOT; fileEncoding = undefined; lastKnownFileType = wrapper.framework; explicitFileType = undefined; includeInIndex = 0; };
		266C0702229446ADA07AABC8 /* OpenGLES.framework */ = {isa = PBXFileReference; name = "OpenGLES.framework"; path = "System/Library/Frameworks/OpenGLES.framework"; sourceTree = SDKROOT; fileEncoding = undefined; lastKnownFileType = wrapper.framework; explicitFileType = undefined; includeInIndex = 0; };
		5E50B5A1FE54422A9F06D70A /* QuartzCore.framework */ = {isa = PBXFileReference; name = "QuartzCore.framework"; path = "System/Library/Frameworks/QuartzCore.framework"; sourceTree = SDKROOT; fileEncoding = undefined; lastKnownFileType = wrapper.framework; explicitFileType = undefined; includeInIndex = 0; };
		09ECB466507B4B278E0D702A /* SafariServices.framework */ = {isa = PBXFileReference; name = "SafariServices.framework"; path = "System/Library/Frameworks/SafariServices.framework"; sourceTree = SDKROOT; fileEncoding = undefined; lastKnownFileType = wrapper.framework; explicitFileType = undefined; includeInIndex = 0; };
		88504BA7B5DB4C15B8E559A7 /* StoreKit.framework */ = {isa = PBXFileReference; name = "StoreKit.framework"; path = "System/Library/Frameworks/StoreKit.framework"; sourceTree = SDKROOT; fileEncoding = undefined; lastKnownFileType = wrapper.framework; explicitFileType = undefined; includeInIndex = 0; };
		0358725354DD4D359307DD43 /* SystemConfiguration.framework */ = {isa = PBXFileReference; name = "SystemConfiguration.framework"; path = "System/Library/Frameworks/SystemConfiguration.framework"; sourceTree = SDKROOT; fileEncoding = undefined; lastKnownFileType = wrapper.framework; explicitFileType = undefined; includeInIndex = 0; };
		CA5C94C8BA304D4DB5BF032A /* UIKit.framework */ = {isa = PBXFileReference; name = "UIKit.framework"; path = "System/Library/Frameworks/UIKit.framework"; sourceTree = SDKROOT; fileEncoding = undefined; lastKnownFileType = wrapper.framework; explicitFileType = undefined; includeInIndex = 0; };
		C2B46D794C824DA4889F77E3 /* CDVAdMob.m */ = {isa = PBXFileReference; name = "CDVAdMob.m"; path = "cordova-plugin-admob/CDVAdMob.m"; sourceTree = "<group>"; fileEncoding = 4; lastKnownFileType = sourcecode.c.objc; explicitFileType = undefined; includeInIndex = 0; };
		1E35383F10C5493D8E4F4597 /* CDVAdMob.h */ = {isa = PBXFileReference; name = "CDVAdMob.h"; path = "cordova-plugin-admob/CDVAdMob.h"; sourceTree = "<group>"; fileEncoding = 4; lastKnownFileType = sourcecode.c.h; explicitFileType = undefined; includeInIndex = 0; };
		AA99C18D1B934C588F6385BD /* CDVDevice.m */ = {isa = PBXFileReference; name = "CDVDevice.m"; path = "cordova-plugin-device/CDVDevice.m"; sourceTree = "<group>"; fileEncoding = 4; lastKnownFileType = sourcecode.c.objc; explicitFileType = undefined; includeInIndex = 0; };
		FE2E8F99BE814C89B4AC186A /* CDVDevice.h */ = {isa = PBXFileReference; name = "CDVDevice.h"; path = "cordova-plugin-device/CDVDevice.h"; sourceTree = "<group>"; fileEncoding = 4; lastKnownFileType = sourcecode.c.h; explicitFileType = undefined; includeInIndex = 0; };
		7AB0CDCBC207485A98A0A2A2 /* CDVInAppBrowser.m */ = {isa = PBXFileReference; name = "CDVInAppBrowser.m"; path = "cordova-plugin-inappbrowser/CDVInAppBrowser.m"; sourceTree = "<group>"; fileEncoding = 4; lastKnownFileType = sourcecode.c.objc; explicitFileType = undefined; includeInIndex = 0; };
		CAB31AB6AD884CB6BC55D49A /* CDVInAppBrowser.h */ = {isa = PBXFileReference; name = "CDVInAppBrowser.h"; path = "cordova-plugin-inappbrowser/CDVInAppBrowser.h"; sourceTree = "<group>"; fileEncoding = 4; lastKnownFileType = sourcecode.c.h; explicitFileType = undefined; includeInIndex = 0; };
		889ED7EE24A84FC9AA88FEBA /* CDVConnection.m */ = {isa = PBXFileReference; name = "CDVConnection.m"; path = "cordova-plugin-network-information/CDVConnection.m"; sourceTree = "<group>"; fileEncoding = 4; lastKnownFileType = sourcecode.c.objc; explicitFileType = undefined; includeInIndex = 0; };
		B8BC8B92A8A04E97BC89CE4D /* CDVReachability.m */ = {isa = PBXFileReference; name = "CDVReachability.m"; path = "cordova-plugin-network-information/CDVReachability.m"; sourceTree = "<group>"; fileEncoding = 4; lastKnownFileType = sourcecode.c.objc; explicitFileType = undefined; includeInIndex = 0; };
		BFE67ADFDA9045909A7787B6 /* CDVConnection.h */ = {isa = PBXFileReference; name = "CDVConnection.h"; path = "cordova-plugin-network-information/CDVConnection.h"; sourceTree = "<group>"; fileEncoding = 4; lastKnownFileType = sourcecode.c.h; explicitFileType = undefined; includeInIndex = 0; };
		CEE3F8B79A4C4CF5ABA02383 /* CDVReachability.h */ = {isa = PBXFileReference; name = "CDVReachability.h"; path = "cordova-plugin-network-information/CDVReachability.h"; sourceTree = "<group>"; fileEncoding = 4; lastKnownFileType = sourcecode.c.h; explicitFileType = undefined; includeInIndex = 0; };
		24D27B3B130D47548C34DDB2 /* CDVSplashScreen.m */ = {isa = PBXFileReference; name = "CDVSplashScreen.m"; path = "cordova-plugin-splashscreen/CDVSplashScreen.m"; sourceTree = "<group>"; fileEncoding = 4; lastKnownFileType = sourcecode.c.objc; explicitFileType = undefined; includeInIndex = 0; };
		0328C6C6F92A4FB182597306 /* CDVViewController+SplashScreen.m */ = {isa = PBXFileReference; name = "CDVViewController+SplashScreen.m"; path = "cordova-plugin-splashscreen/CDVViewController+SplashScreen.m"; sourceTree = "<group>"; fileEncoding = 4; lastKnownFileType = sourcecode.c.objc; explicitFileType = undefined; includeInIndex = 0; };
		953CF9D651CD434AABE51932 /* CDVSplashScreen.h */ = {isa = PBXFileReference; name = "CDVSplashScreen.h"; path = "cordova-plugin-splashscreen/CDVSplashScreen.h"; sourceTree = "<group>"; fileEncoding = 4; lastKnownFileType = sourcecode.c.h; explicitFileType = undefined; includeInIndex = 0; };
		6F68CB575107427D8D5D8B4C /* CDVViewController+SplashScreen.h */ = {isa = PBXFileReference; name = "CDVViewController+SplashScreen.h"; path = "cordova-plugin-splashscreen/CDVViewController+SplashScreen.h"; sourceTree = "<group>"; fileEncoding = 4; lastKnownFileType = sourcecode.c.h; explicitFileType = undefined; includeInIndex = 0; };
		DFBA687A9D4D46EE9AC1E348 /* NSString+URLEncoding.m */ = {isa = PBXFileReference; name = "NSString+URLEncoding.m"; path = "cordova-plugin-x-socialsharing/NSString+URLEncoding.m"; sourceTree = "<group>"; fileEncoding = 4; lastKnownFileType = sourcecode.c.objc; explicitFileType = undefined; includeInIndex = 0; };
		1750029EDE5B444794071B3E /* SocialSharing.m */ = {isa = PBXFileReference; name = "SocialSharing.m"; path = "cordova-plugin-x-socialsharing/SocialSharing.m"; sourceTree = "<group>"; fileEncoding = 4; lastKnownFileType = sourcecode.c.objc; explicitFileType = undefined; includeInIndex = 0; };
		C905E2E896EE420C9BC77815 /* NSString+URLEncoding.h */ = {isa = PBXFileReference; name = "NSString+URLEncoding.h"; path = "cordova-plugin-x-socialsharing/NSString+URLEncoding.h"; sourceTree = "<group>"; fileEncoding = 4; lastKnownFileType = sourcecode.c.h; explicitFileType = undefined; includeInIndex = 0; };
		5D14E233425248BE931BE4C6 /* SocialSharing.h */ = {isa = PBXFileReference; name = "SocialSharing.h"; path = "cordova-plugin-x-socialsharing/SocialSharing.h"; sourceTree = "<group>"; fileEncoding = 4; lastKnownFileType = sourcecode.c.h; explicitFileType = undefined; includeInIndex = 0; };
		3CBF7EF63A4F40FEAE5E6BCF /* Social.framework */ = {isa = PBXFileReference; name = "Social.framework"; path = "System/Library/Frameworks/Social.framework"; sourceTree = SDKROOT; fileEncoding = undefined; lastKnownFileType = wrapper.framework; explicitFileType = undefined; includeInIndex = 0; };
/* End PBXFileReference section */

/* Begin PBXFrameworksBuildPhase section */
		1D60588F0D05DD3D006BFB54 /* Frameworks */ = {
			isa = PBXFrameworksBuildPhase;
			buildActionMask = 2147483647;
			files = (
				301BF552109A68D80062928A /* libCordova.a in Frameworks */,
				296AA12BF1DC468D811BC761 /* MessageUI.framework in Frameworks */,
				F2F16D4C4C4B4AB1A5116A49 /* GoogleMobileAds.framework in Frameworks */,
				E2BECA3D4C024141B46B0FBB /* AdSupport.framework in Frameworks */,
				25135DF809B54E0B8C93E3E1 /* AudioToolbox.framework in Frameworks */,
				42DDB25929DB441A9F66D554 /* AVFoundation.framework in Frameworks */,
				8C430654171C4BF09D8F6056 /* CoreBluetooth.framework in Frameworks */,
				F96647F9057847ED817C1D4B /* CoreLocation.framework in Frameworks */,
				11D96FC43BF14F019A00AE6D /* CoreMedia.framework in Frameworks */,
				877620569E1B4E0EAEEBCFA7 /* CoreMotion.framework in Frameworks */,
				A85CF9A45A40462EB889576D /* CoreTelephony.framework in Frameworks */,
				FA7A59122B204EC29EDCB0AB /* CoreVideo.framework in Frameworks */,
				DADC1A7B08C94E9DAC665312 /* EventKit.framework in Frameworks */,
				A245D53A376D4098B845E81E /* EventKitUI.framework in Frameworks */,
				2E21740D50D0404384422CB1 /* Foundation.framework in Frameworks */,
				7A3278BEA8D8424DBF79F753 /* GLKit.framework in Frameworks */,
				85E91EE13A244B68A976C39D /* MediaPlayer.framework in Frameworks */,
				257AF928B9CF44908AF4E3EC /* OpenGLES.framework in Frameworks */,
				BCB2E53E33D14232A04CFD6F /* QuartzCore.framework in Frameworks */,
				781EA133D3464499ADC69AC4 /* SafariServices.framework in Frameworks */,
				F6CF08A70B574A6283D59061 /* StoreKit.framework in Frameworks */,
				46DBDF2259E44660B739BBF5 /* SystemConfiguration.framework in Frameworks */,
				89F26CC58752424FBD301768 /* UIKit.framework in Frameworks */,
				3DF7DBD512654FA79DF468CB /* Social.framework in Frameworks */,
			);
			runOnlyForDeploymentPostprocessing = 0;
		};
/* End PBXFrameworksBuildPhase section */

/* Begin PBXGroup section */
		080E96DDFE201D6D7F000001 /* Classes */ = {
			isa = PBXGroup;
			children = (
				302D95EE14D2391D003F00A1 /* MainViewController.h */,
				302D95EF14D2391D003F00A1 /* MainViewController.m */,
				302D95F014D2391D003F00A1 /* MainViewController.xib */,
				1D3623240D0F684500981E51 /* AppDelegate.h */,
				1D3623250D0F684500981E51 /* AppDelegate.m */,
			);
			name = Classes;
			path = "InterviewGully/Classes";
			sourceTree = SOURCE_ROOT;
		};
		19C28FACFE9D520D11CA2CBB /* Products */ = {
			isa = PBXGroup;
			children = (
				1D6058910D05DD3D006BFB54 /* InterviewGully.app */,
			);
			name = Products;
			sourceTree = "<group>";
		};
		29B97314FDCFA39411CA2CEA /* CustomTemplate */ = {
			isa = PBXGroup;
			children = (
				EB87FDF41871DAF40020F90C /* config.xml */,
				EB87FDF31871DA8E0020F90C /* www */,
				EB87FDF11871DA420020F90C /* Staging */,
				301BF52D109A57CC0062928A /* CordovaLib.xcodeproj */,
				080E96DDFE201D6D7F000001 /* Classes */,
				307C750510C5A3420062BCA9 /* Plugins */,
				29B97315FDCFA39411CA2CEA /* Other Sources */,
				29B97317FDCFA39411CA2CEA /* Resources */,
				29B97323FDCFA39411CA2CEA /* Frameworks */,
				19C28FACFE9D520D11CA2CBB /* Products */,
			);
			name = CustomTemplate;
			sourceTree = "<group>";
		};
		29B97315FDCFA39411CA2CEA /* Other Sources */ = {
			isa = PBXGroup;
			children = (
				32CA4F630368D1EE00C91783 /* InterviewGully-Prefix.pch */,
				29B97316FDCFA39411CA2CEA /* main.m */,
				ED33DF2A687741AEAF9F8254 /* Bridging-Header.h */,
			);
			name = "Other Sources";
			path = "InterviewGully";
			sourceTree = "<group>";
		};
		29B97317FDCFA39411CA2CEA /* Resources */ = {
			isa = PBXGroup;
			children = (
				0207DA571B56EA530066E2B4 /* Images.xcassets */,
				3047A50E1AB8057F00498E2A /* config */,
				8D1107310486CEB800E47090 /* InterviewGully-Info.plist */,
				6AFF5BF81D6E424B00AB3073 /* CDVLaunchScreen.storyboard */,
			);
			name = Resources;
			path = "InterviewGully/Resources";
			sourceTree = "<group>";
		};
		29B97323FDCFA39411CA2CEA /* Frameworks */ = {
			isa = PBXGroup;
			children = (
				9CC171F16A9A446CB083F2FE /* MessageUI.framework */,
				D36179ED5E0F471A96766C17 /* GoogleMobileAds.framework */,
				FF5150BF1280479DA3DD2D6D /* AdSupport.framework */,
				7D829F5C23D04D819CC2BEA4 /* AudioToolbox.framework */,
				CACE38D2C71F4533AD3FC94E /* AVFoundation.framework */,
				9AE34B0439314818BBBDD12D /* CoreBluetooth.framework */,
				48E95574FEEF46538C3D5BF8 /* CoreLocation.framework */,
				DACE502295C1403DBC1E118C /* CoreMedia.framework */,
				07197CAD3B62447A91FBC6DC /* CoreMotion.framework */,
				8C7CB4F1FF2E4095A7849CE6 /* CoreTelephony.framework */,
				260A05955F5840F49137EBDB /* CoreVideo.framework */,
				FCF3987860F24C3480173EF0 /* EventKit.framework */,
				2BC61E329FF242E5B9A72140 /* EventKitUI.framework */,
				1D9621A963AB476FB97D5833 /* Foundation.framework */,
				4EBEB9A5E5654000BB179752 /* GLKit.framework */,
				E614E0C327B6407290805160 /* MediaPlayer.framework */,
				266C0702229446ADA07AABC8 /* OpenGLES.framework */,
				5E50B5A1FE54422A9F06D70A /* QuartzCore.framework */,
				09ECB466507B4B278E0D702A /* SafariServices.framework */,
				88504BA7B5DB4C15B8E559A7 /* StoreKit.framework */,
				0358725354DD4D359307DD43 /* SystemConfiguration.framework */,
				CA5C94C8BA304D4DB5BF032A /* UIKit.framework */,
				3CBF7EF63A4F40FEAE5E6BCF /* Social.framework */,
			);
			name = Frameworks;
			sourceTree = "<group>";
		};
		301BF52E109A57CC0062928A /* Products */ = {
			isa = PBXGroup;
			children = (
				301BF535109A57CC0062928A /* libCordova.a */,
			);
			name = Products;
			sourceTree = "<group>";
		};
		3047A50E1AB8057F00498E2A /* config */ = {
			isa = PBXGroup;
			children = (
				3047A50F1AB8059700498E2A /* build-debug.xcconfig */,
				3047A5101AB8059700498E2A /* build-release.xcconfig */,
				3047A5111AB8059700498E2A /* build.xcconfig */,
			);
			name = config;
			sourceTree = "<group>";
		};
		307C750510C5A3420062BCA9 /* Plugins */ = {
			isa = PBXGroup;
			children = (
				CBE2BDAFD5234F929D26AA07 /* Sms.m */,
				51B4C1B1BD6A4BED820CEC61 /* Sms.h */,
				C2B46D794C824DA4889F77E3 /* CDVAdMob.m */,
				1E35383F10C5493D8E4F4597 /* CDVAdMob.h */,
				AA99C18D1B934C588F6385BD /* CDVDevice.m */,
				FE2E8F99BE814C89B4AC186A /* CDVDevice.h */,
				7AB0CDCBC207485A98A0A2A2 /* CDVInAppBrowser.m */,
				CAB31AB6AD884CB6BC55D49A /* CDVInAppBrowser.h */,
				889ED7EE24A84FC9AA88FEBA /* CDVConnection.m */,
				B8BC8B92A8A04E97BC89CE4D /* CDVReachability.m */,
				BFE67ADFDA9045909A7787B6 /* CDVConnection.h */,
				CEE3F8B79A4C4CF5ABA02383 /* CDVReachability.h */,
				24D27B3B130D47548C34DDB2 /* CDVSplashScreen.m */,
				0328C6C6F92A4FB182597306 /* CDVViewController+SplashScreen.m */,
				953CF9D651CD434AABE51932 /* CDVSplashScreen.h */,
				6F68CB575107427D8D5D8B4C /* CDVViewController+SplashScreen.h */,
				DFBA687A9D4D46EE9AC1E348 /* NSString+URLEncoding.m */,
				1750029EDE5B444794071B3E /* SocialSharing.m */,
				C905E2E896EE420C9BC77815 /* NSString+URLEncoding.h */,
				5D14E233425248BE931BE4C6 /* SocialSharing.h */,
			);
			name = Plugins;
			path = "InterviewGully/Plugins";
			sourceTree = SOURCE_ROOT;
		};
		EB87FDF11871DA420020F90C /* Staging */ = {
			isa = PBXGroup;
			children = (
				F840E1F0165FE0F500CFE078 /* config.xml */,
				301BF56E109A69640062928A /* www */,
			);
			name = Staging;
			sourceTree = "<group>";
		};
/* End PBXGroup section */

/* Begin PBXNativeTarget section */
		1D6058900D05DD3D006BFB54 /* InterviewGully */ = {
			isa = PBXNativeTarget;
			buildConfigurationList = 1D6058960D05DD3E006BFB54 /* Build configuration list for PBXNativeTarget "InterviewGully" */;
			buildPhases = (
				304B58A110DAC018002A0835 /* Copy www directory */,
				1D60588D0D05DD3D006BFB54 /* Resources */,
				1D60588E0D05DD3D006BFB54 /* Sources */,
				1D60588F0D05DD3D006BFB54 /* Frameworks */,
			);
			buildRules = (
			);
			dependencies = (
				301BF551109A68C00062928A /* PBXTargetDependency */,
			);
			name = "InterviewGully";
			productName = "InterviewGully";
			productReference = 1D6058910D05DD3D006BFB54 /* InterviewGully.app */;
			productType = "com.apple.product-type.application";
		};
/* End PBXNativeTarget section */

/* Begin PBXProject section */
		29B97313FDCFA39411CA2CEA /* Project object */ = {
			isa = PBXProject;
			attributes = {
				LastUpgradeCheck = 510;
			};
			buildConfigurationList = C01FCF4E08A954540054247B /* Build configuration list for PBXProject "__NON-CLI__" */;
			compatibilityVersion = "Xcode 3.2";
			developmentRegion = English;
			hasScannedForEncodings = 1;
			mainGroup = 29B97314FDCFA39411CA2CEA /* CustomTemplate */;
			projectDirPath = "";
			projectReferences = (
				{
					ProductGroup = 301BF52E109A57CC0062928A /* Products */;
					ProjectRef = 301BF52D109A57CC0062928A /* CordovaLib.xcodeproj */;
				},
			);
			projectRoot = "";
			targets = (
				1D6058900D05DD3D006BFB54 /* InterviewGully */,
			);
		};
/* End PBXProject section */

/* Begin PBXReferenceProxy section */
		301BF535109A57CC0062928A /* libCordova.a */ = {
			isa = PBXReferenceProxy;
			fileType = archive.ar;
			path = libCordova.a;
			remoteRef = 301BF534109A57CC0062928A /* PBXContainerItemProxy */;
			sourceTree = BUILT_PRODUCTS_DIR;
		};
/* End PBXReferenceProxy section */

/* Begin PBXResourcesBuildPhase section */
		1D60588D0D05DD3D006BFB54 /* Resources */ = {
			isa = PBXResourcesBuildPhase;
			buildActionMask = 2147483647;
			files = (
				302D95F214D2391D003F00A1 /* MainViewController.xib in Resources */,
				0207DA581B56EA530066E2B4 /* Images.xcassets in Resources */,
				6AFF5BF91D6E424B00AB3073 /* CDVLaunchScreen.storyboard in Resources */,
			);
			runOnlyForDeploymentPostprocessing = 0;
		};
/* End PBXResourcesBuildPhase section */

/* Begin PBXShellScriptBuildPhase section */
		304B58A110DAC018002A0835 /* Copy www directory */ = {
			isa = PBXShellScriptBuildPhase;
			buildActionMask = 2147483647;
			files = (
			);
			inputPaths = (
			);
			name = "Copy www directory";
			outputPaths = (
			);
			runOnlyForDeploymentPostprocessing = 0;
			shellPath = /bin/sh;
			shellScript = "NODEJS_PATH=/usr/local/bin; NVM_NODE_PATH=~/.nvm/versions/node/`nvm version 2>/dev/null`/bin; N_NODE_PATH=`find /usr/local/n/versions/node/* -maxdepth 0 -type d 2>/dev/null | tail -1`/bin; XCODE_NODE_PATH=`xcode-select --print-path`/usr/share/xcs/Node/bin; PATH=$NODEJS_PATH:$NVM_NODE_PATH:$N_NODE_PATH:$XCODE_NODE_PATH:$PATH && node cordova/lib/copy-www-build-step.js";
			showEnvVarsInLog = 0;
		};
/* End PBXShellScriptBuildPhase section */

/* Begin PBXSourcesBuildPhase section */
		1D60588E0D05DD3D006BFB54 /* Sources */ = {
			isa = PBXSourcesBuildPhase;
			buildActionMask = 2147483647;
			files = (
				1D60589B0D05DD56006BFB54 /* main.m in Sources */,
				1D3623260D0F684500981E51 /* AppDelegate.m in Sources */,
				302D95F114D2391D003F00A1 /* MainViewController.m in Sources */,
				3140687D240B474EAE440221 /* Sms.m in Sources */,
				495A1E80ECF94065AC454ADC /* CDVAdMob.m in Sources */,
				59FFD09F54AB437A9A619EA6 /* CDVDevice.m in Sources */,
				0A3930B5EC7E41F4996BBB0E /* CDVInAppBrowser.m in Sources */,
				49ACCF90DB274A8B89E7C28C /* CDVConnection.m in Sources */,
				44CEEBDB65BC4B90B600D314 /* CDVReachability.m in Sources */,
				F22C28C7F7C042E086A026BD /* CDVSplashScreen.m in Sources */,
				7D148CD4CD314119AB98B472 /* CDVViewController+SplashScreen.m in Sources */,
				F47B0613E435444AB882C096 /* NSString+URLEncoding.m in Sources */,
				1389453678EE4B45851EE1AE /* SocialSharing.m in Sources */,
			);
			runOnlyForDeploymentPostprocessing = 0;
		};
/* End PBXSourcesBuildPhase section */

/* Begin PBXTargetDependency section */
		301BF551109A68C00062928A /* PBXTargetDependency */ = {
			isa = PBXTargetDependency;
			name = CordovaLib;
			targetProxy = 301BF550109A68C00062928A /* PBXContainerItemProxy */;
		};
/* End PBXTargetDependency section */

/* Begin XCBuildConfiguration section */
		1D6058940D05DD3E006BFB54 /* Debug */ = {
			isa = XCBuildConfiguration;
			baseConfigurationReference = 3047A50F1AB8059700498E2A /* build-debug.xcconfig */;
			buildSettings = {
				ALWAYS_SEARCH_USER_PATHS = NO;
				ASSETCATALOG_COMPILER_APPICON_NAME = AppIcon;
				ASSETCATALOG_COMPILER_LAUNCHIMAGE_NAME = LaunchImage;
				CLANG_ENABLE_MODULES = YES;
				CLANG_ENABLE_OBJC_ARC = YES;
				COPY_PHASE_STRIP = NO;
				GCC_DYNAMIC_NO_PIC = NO;
				GCC_OPTIMIZATION_LEVEL = 0;
				GCC_PRECOMPILE_PREFIX_HEADER = YES;
				GCC_PREFIX_HEADER = "InterviewGully/InterviewGully-Prefix.pch";
				GCC_THUMB_SUPPORT = NO;
				GCC_VERSION = "";
				INFOPLIST_FILE = "InterviewGully/InterviewGully-Info.plist";
				IPHONEOS_DEPLOYMENT_TARGET = 8.0;
				LD_RUNPATH_SEARCH_PATHS = "@executable_path/Frameworks";
				TARGETED_DEVICE_FAMILY = "1,2";
				PRODUCT_NAME = "InterviewGully";
				FRAMEWORK_SEARCH_PATHS = (
					"$(inherited)",
					"\"InterviewGully/Plugins/cordova-admobsdk\"",
				);
			};
			name = Debug;
		};
		1D6058950D05DD3E006BFB54 /* Release */ = {
			isa = XCBuildConfiguration;
			baseConfigurationReference = 3047A5101AB8059700498E2A /* build-release.xcconfig */;
			buildSettings = {
				ALWAYS_SEARCH_USER_PATHS = NO;
				ASSETCATALOG_COMPILER_APPICON_NAME = AppIcon;
				ASSETCATALOG_COMPILER_LAUNCHIMAGE_NAME = LaunchImage;
				CLANG_ENABLE_MODULES = YES;
				CLANG_ENABLE_OBJC_ARC = YES;
				COPY_PHASE_STRIP = YES;
				GCC_PRECOMPILE_PREFIX_HEADER = YES;
				GCC_PREFIX_HEADER = "InterviewGully/InterviewGully-Prefix.pch";
				GCC_THUMB_SUPPORT = NO;
				GCC_VERSION = "";
				INFOPLIST_FILE = "InterviewGully/InterviewGully-Info.plist";
				IPHONEOS_DEPLOYMENT_TARGET = 8.0;
				LD_RUNPATH_SEARCH_PATHS = "@executable_path/Frameworks";
				TARGETED_DEVICE_FAMILY = "1,2";
				PRODUCT_NAME = "InterviewGully";
				FRAMEWORK_SEARCH_PATHS = (
					"$(inherited)",
					"\"InterviewGully/Plugins/cordova-admobsdk\"",
				);
			};
			name = Release;
		};
		C01FCF4F08A954540054247B /* Debug */ = {
			isa = XCBuildConfiguration;
			baseConfigurationReference = 3047A5111AB8059700498E2A /* build.xcconfig */;
			buildSettings = {
				CLANG_ENABLE_MODULES = YES;
				CLANG_ENABLE_OBJC_ARC = YES;
				CLANG_WARN_BOOL_CONVERSION = YES;
				CLANG_WARN_CONSTANT_CONVERSION = YES;
				CLANG_WARN_EMPTY_BODY = YES;
				CLANG_WARN_ENUM_CONVERSION = YES;
				CLANG_WARN_INT_CONVERSION = YES;
				CLANG_WARN__DUPLICATE_METHOD_MATCH = YES;
				GCC_C_LANGUAGE_STANDARD = c99;
				GCC_THUMB_SUPPORT = NO;
				GCC_VERSION = "";
				GCC_WARN_ABOUT_RETURN_TYPE = YES;
				GCC_WARN_UNDECLARED_SELECTOR = YES;
				GCC_WARN_UNINITIALIZED_AUTOS = YES;
				GCC_WARN_UNUSED_FUNCTION = YES;
				GCC_WARN_UNUSED_VARIABLE = YES;
				ONLY_ACTIVE_ARCH = YES;
				SDKROOT = iphoneos;
				SKIP_INSTALL = NO;
				ASSETCATALOG_COMPILER_LAUNCHIMAGE_NAME = LaunchImage;
			};
			name = Debug;
		};
		C01FCF5008A954540054247B /* Release */ = {
			isa = XCBuildConfiguration;
			baseConfigurationReference = 3047A5111AB8059700498E2A /* build.xcconfig */;
			buildSettings = {
				CLANG_ENABLE_MODULES = YES;
				CLANG_ENABLE_OBJC_ARC = YES;
				CLANG_WARN_BOOL_CONVERSION = YES;
				CLANG_WARN_CONSTANT_CONVERSION = YES;
				CLANG_WARN_EMPTY_BODY = YES;
				CLANG_WARN_ENUM_CONVERSION = YES;
				CLANG_WARN_INT_CONVERSION = YES;
				CLANG_WARN__DUPLICATE_METHOD_MATCH = YES;
				GCC_C_LANGUAGE_STANDARD = c99;
				GCC_THUMB_SUPPORT = NO;
				GCC_VERSION = "";
				GCC_WARN_ABOUT_RETURN_TYPE = YES;
				GCC_WARN_UNDECLARED_SELECTOR = YES;
				GCC_WARN_UNINITIALIZED_AUTOS = YES;
				GCC_WARN_UNUSED_FUNCTION = YES;
				GCC_WARN_UNUSED_VARIABLE = YES;
				SDKROOT = iphoneos;
				SKIP_INSTALL = NO;
				ASSETCATALOG_COMPILER_LAUNCHIMAGE_NAME = LaunchImage;
			};
			name = Release;
		};
/* End XCBuildConfiguration section */

/* Begin XCConfigurationList section */
		1D6058960D05DD3E006BFB54 /* Build configuration list for PBXNativeTarget "InterviewGully" */ = {
			isa = XCConfigurationList;
			buildConfigurations = (
				1D6058940D05DD3E006BFB54 /* Debug */,
				1D6058950D05DD3E006BFB54 /* Release */,
			);
			defaultConfigurationIsVisible = 0;
			defaultConfigurationName = Release;
		};
		C01FCF4E08A954540054247B /* Build configuration list for PBXProject "__NON-CLI__" */ = {
			isa = XCConfigurationList;
			buildConfigurations = (
				C01FCF4F08A954540054247B /* Debug */,
				C01FCF5008A954540054247B /* Release */,
			);
			defaultConfigurationIsVisible = 0;
			defaultConfigurationName = Release;
		};
/* End XCConfigurationList section */
	};
	rootObject = 29B97313FDCFA39411CA2CEA /* Project object */;
}
